
Microsoft Visual Studio Solution File, Format Version 12.00
# Visual Studio Version 17
VisualStudioVersion = 17.4.33205.214
MinimumVisualStudioVersion = 10.0.40219.1
Project("{FAE04EC0-301F-11D3-BF4B-00C04F79EFBC}") = "NamedVehiclePrompts", "NamedVehiclePrompts\NamedVehiclePrompts.csproj", "{55F61920-065F-449C-9EC1-AFECDE570013}"
EndProject
Project("{FAE04EC0-301F-11D3-BF4B-00C04F79EFBC}") = "FabricatorsResumeFromLast", "FabricatorsResumeFromLast\FabricatorsResumeFromLast.csproj", "{53A1421B-4C6C-4A8B-B444-446E95BCBA5F}"
EndProject
Project("{FAE04EC0-301F-11D3-BF4B-00C04F79EFBC}") = "ConsoleBatchFiles", "ConsoleBatchFiles\ConsoleBatchFiles.csproj", "{FEA9E67B-ACFB-4670-AF73-0861EB6B9305}"
EndProject
Project("{2150E333-8FDC-42A3-9474-1A3956D46DE8}") = "Solution Items", "Solution Items", "{0D82A2A1-A62C-4A71-BF2F-6F774BF5B880}"
	ProjectSection(SolutionItems) = preProject
		Configurations.targets = Configurations.targets
		Directory.Build.props = Directory.Build.props
		..\..\SubnauticaZero\SubnauticaZero_Data\StreamingAssets\SNUnmanagedData\LanguageFiles\English.json = ..\..\SubnauticaZero\SubnauticaZero_Data\StreamingAssets\SNUnmanagedData\LanguageFiles\English.json
		..\..\SubnauticaBranches\LivingLarge\Subnautica_Data\StreamingAssets\SNUnmanagedData\LanguageFiles\English.json = ..\..\SubnauticaBranches\LivingLarge\Subnautica_Data\StreamingAssets\SNUnmanagedData\LanguageFiles\English.json
		GameDir.targets = GameDir.targets
		Notes_ResourceMagnet.txt = Notes_ResourceMagnet.txt
		post-build.ps1 = post-build.ps1
		PostBuildEvents.targets = PostBuildEvents.targets
		Readmes\README.md = Readmes\README.md
		Readmes\README_BelowZero.md = Readmes\README_BelowZero.md
		Readmes\README_SN1.md = Readmes\README_SN1.md
		References.targets = References.targets
	EndProjectSection
EndProject
Project("{FAE04EC0-301F-11D3-BF4B-00C04F79EFBC}") = "HabitatBuilderSpeed", "HabitatBuilderSpeed\HabitatBuilderSpeed.csproj", "{8D0989F2-9427-454C-AF7A-E24E73EA9D44}"
EndProject
Project("{FAE04EC0-301F-11D3-BF4B-00C04F79EFBC}") = "CustomiseOxygen", "CustomiseOxygen\CustomiseOxygen.csproj", "{B43F4C23-BEB5-4B02-A623-A843A010F6A4}"
EndProject
Project("{FAE04EC0-301F-11D3-BF4B-00C04F79EFBC}") = "RecyclotronModSupport", "RecyclotronModSupport\RecyclotronModSupport.csproj", "{971FA188-6AB9-4C4F-BDEE-89E37F305276}"
EndProject
Project("{D954291E-2A0B-460D-934E-DC6B0785DB48}") = "Common", "Common\Common.shproj", "{8A848353-2B17-4EC0-9A43-3992ADB96579}"
EndProject
Project("{FAE04EC0-301F-11D3-BF4B-00C04F79EFBC}") = "FuelCells", "FuelCells\FuelCells.csproj", "{C5E29C24-D05F-4321-A886-1EFF69D01C46}"
EndProject
Project("{FAE04EC0-301F-11D3-BF4B-00C04F79EFBC}") = "GravTrapBeacons", "GravTrapBeacons\GravTrapBeacons.csproj", "{23CF2B33-EB9A-45CA-B84B-8968B5777B2B}"
EndProject
Project("{FAE04EC0-301F-11D3-BF4B-00C04F79EFBC}") = "DWEquipmentBonanza", "DWEquipmentBonanza\DWEquipmentBonanza.csproj", "{0BBEDB12-642C-47EE-A14D-3F581B0038B8}"
EndProject
Project("{FAE04EC0-301F-11D3-BF4B-00C04F79EFBC}") = "TrueSolarPowerCells", "TrueSolarPowerCells\TrueSolarPowerCells.csproj", "{102B0CA1-992C-4E50-92BF-CDF1F0CE8ACF}"
EndProject
Project("{FAE04EC0-301F-11D3-BF4B-00C04F79EFBC}") = "PartsFromScanning", "IngredientsFromScanning_BZ\PartsFromScanning.csproj", "{D05216E9-CCF3-4037-8C2F-36B571ACB323}"
EndProject
Project("{FAE04EC0-301F-11D3-BF4B-00C04F79EFBC}") = "CustomiseYourStorage", "CustomiseYourStorage_BZ\CustomiseYourStorage.csproj", "{854262EB-F44F-4D6B-9B32-4103AE9F4253}"
EndProject
Project("{FAE04EC0-301F-11D3-BF4B-00C04F79EFBC}") = "LeviathanLogging", "LeviathanLogging\LeviathanLogging.csproj", "{1370931B-52AE-4B77-91F1-4F53CBA78119}"
EndProject
Project("{FAE04EC0-301F-11D3-BF4B-00C04F79EFBC}") = "NoTriggerFullPlanters", "NoTriggerFullPlanters\NoTriggerFullPlanters.csproj", "{F6471CA2-E705-4E05-A36A-451378150B1A}"
EndProject
Project("{FAE04EC0-301F-11D3-BF4B-00C04F79EFBC}") = "UnlockCustomisation", "UnlockCustomisation\UnlockCustomisation.csproj", "{31E81FE0-853A-4F56-81B3-2CF073777594}"
EndProject
Project("{FAE04EC0-301F-11D3-BF4B-00C04F79EFBC}") = "CustomiseYourTools", "CustomiseYourTools\CustomiseYourTools.csproj", "{A89B8691-E90A-4F9A-A7E2-694665C2C365}"
EndProject
Project("{FAE04EC0-301F-11D3-BF4B-00C04F79EFBC}") = "weskey007-PrawnSuitArmSwitcher", "weskey007-PrawnSuitArmSwitcher\weskey007-PrawnSuitArmSwitcher.csproj", "{42C336F5-3B85-466B-995A-0198EA1D979E}"
EndProject
Project("{FAE04EC0-301F-11D3-BF4B-00C04F79EFBC}") = "PowerOverYourPower", "PowerOverYourPower\PowerOverYourPower.csproj", "{D935B7DC-5D06-4976-8FA1-B9980517204F}"
EndProject
Project("{FAE04EC0-301F-11D3-BF4B-00C04F79EFBC}") = "ShowAltitude", "ShowAltitude\ShowAltitude.csproj", "{91E1EDCA-E684-400F-BC57-04EFCE159444}"
EndProject
Project("{FAE04EC0-301F-11D3-BF4B-00C04F79EFBC}") = "UpgradedBlades", "UpgradedBlades\UpgradedBlades.csproj", "{1E3A4636-DCA8-4BA2-803B-FBE4FB8A5054}"
EndProject
Project("{FAE04EC0-301F-11D3-BF4B-00C04F79EFBC}") = "UnaggressiveFlora", "UnaggressiveFlora\UnaggressiveFlora.csproj", "{B031192B-D007-46C6-B600-C3DAAB9A72D8}"
EndProject
Project("{FAE04EC0-301F-11D3-BF4B-00C04F79EFBC}") = "Stacking", "Stacking\Stacking.csproj", "{F896F3A0-20AD-4251-9D6F-3775D2427C35}"
EndProject
Project("{FAE04EC0-301F-11D3-BF4B-00C04F79EFBC}") = "SkyApplierWorkaround", "SkyApplierWorkaround\SkyApplierWorkaround.csproj", "{C287725A-291A-4402-A710-18D79FE84203}"
EndProject
Global
	GlobalSection(SolutionConfigurationPlatforms) = preSolution
		BelowZero|Any CPU = BelowZero|Any CPU
		BelowZero|x64 = BelowZero|x64
		BelowZeroLegacy|Any CPU = BelowZeroLegacy|Any CPU
		BelowZeroLegacy|x64 = BelowZeroLegacy|x64
		Subnautica|Any CPU = Subnautica|Any CPU
		Subnautica|x64 = Subnautica|x64
		SubnauticaLegacy|Any CPU = SubnauticaLegacy|Any CPU
		SubnauticaLegacy|x64 = SubnauticaLegacy|x64
	EndGlobalSection
	GlobalSection(ProjectConfigurationPlatforms) = postSolution
		{55F61920-065F-449C-9EC1-AFECDE570013}.BelowZero|Any CPU.ActiveCfg = BelowZero|Any CPU
		{55F61920-065F-449C-9EC1-AFECDE570013}.BelowZero|Any CPU.Build.0 = BelowZero|Any CPU
		{55F61920-065F-449C-9EC1-AFECDE570013}.BelowZero|x64.ActiveCfg = BelowZero|Any CPU
		{55F61920-065F-449C-9EC1-AFECDE570013}.BelowZero|x64.Build.0 = BelowZero|Any CPU
		{55F61920-065F-449C-9EC1-AFECDE570013}.BelowZeroLegacy|Any CPU.ActiveCfg = BelowZero|Any CPU
		{55F61920-065F-449C-9EC1-AFECDE570013}.BelowZeroLegacy|Any CPU.Build.0 = BelowZero|Any CPU
		{55F61920-065F-449C-9EC1-AFECDE570013}.BelowZeroLegacy|x64.ActiveCfg = Subnautica|Any CPU
		{55F61920-065F-449C-9EC1-AFECDE570013}.BelowZeroLegacy|x64.Build.0 = Subnautica|Any CPU
		{55F61920-065F-449C-9EC1-AFECDE570013}.Subnautica|Any CPU.ActiveCfg = Subnautica|Any CPU
		{55F61920-065F-449C-9EC1-AFECDE570013}.Subnautica|Any CPU.Build.0 = Subnautica|Any CPU
		{55F61920-065F-449C-9EC1-AFECDE570013}.Subnautica|x64.ActiveCfg = SubnauticaLivingLarge|Any CPU
		{55F61920-065F-449C-9EC1-AFECDE570013}.Subnautica|x64.Build.0 = SubnauticaLivingLarge|Any CPU
		{55F61920-065F-449C-9EC1-AFECDE570013}.SubnauticaLegacy|Any CPU.ActiveCfg = SubnauticaLegacy|Any CPU
		{55F61920-065F-449C-9EC1-AFECDE570013}.SubnauticaLegacy|Any CPU.Build.0 = SubnauticaLegacy|Any CPU
		{55F61920-065F-449C-9EC1-AFECDE570013}.SubnauticaLegacy|x64.ActiveCfg = Subnautica|Any CPU
		{55F61920-065F-449C-9EC1-AFECDE570013}.SubnauticaLegacy|x64.Build.0 = Subnautica|Any CPU
		{53A1421B-4C6C-4A8B-B444-446E95BCBA5F}.BelowZero|Any CPU.ActiveCfg = BelowZero|Any CPU
		{53A1421B-4C6C-4A8B-B444-446E95BCBA5F}.BelowZero|Any CPU.Build.0 = BelowZero|Any CPU
		{53A1421B-4C6C-4A8B-B444-446E95BCBA5F}.BelowZero|x64.ActiveCfg = BelowZero|Any CPU
		{53A1421B-4C6C-4A8B-B444-446E95BCBA5F}.BelowZero|x64.Build.0 = BelowZero|Any CPU
		{53A1421B-4C6C-4A8B-B444-446E95BCBA5F}.BelowZeroLegacy|Any CPU.ActiveCfg = BelowZero|Any CPU
		{53A1421B-4C6C-4A8B-B444-446E95BCBA5F}.BelowZeroLegacy|Any CPU.Build.0 = BelowZero|Any CPU
		{53A1421B-4C6C-4A8B-B444-446E95BCBA5F}.BelowZeroLegacy|x64.ActiveCfg = BelowZero|Any CPU
		{53A1421B-4C6C-4A8B-B444-446E95BCBA5F}.BelowZeroLegacy|x64.Build.0 = BelowZero|Any CPU
		{53A1421B-4C6C-4A8B-B444-446E95BCBA5F}.Subnautica|Any CPU.ActiveCfg = BelowZero|Any CPU
		{53A1421B-4C6C-4A8B-B444-446E95BCBA5F}.Subnautica|Any CPU.Build.0 = BelowZero|Any CPU
		{53A1421B-4C6C-4A8B-B444-446E95BCBA5F}.Subnautica|x64.ActiveCfg = SubnauticaLivingLarge|Any CPU
		{53A1421B-4C6C-4A8B-B444-446E95BCBA5F}.Subnautica|x64.Build.0 = SubnauticaLivingLarge|Any CPU
		{53A1421B-4C6C-4A8B-B444-446E95BCBA5F}.SubnauticaLegacy|Any CPU.ActiveCfg = SubnauticaLegacy|Any CPU
		{53A1421B-4C6C-4A8B-B444-446E95BCBA5F}.SubnauticaLegacy|Any CPU.Build.0 = SubnauticaLegacy|Any CPU
		{53A1421B-4C6C-4A8B-B444-446E95BCBA5F}.SubnauticaLegacy|x64.ActiveCfg = SubnauticaLegacy|Any CPU
		{FEA9E67B-ACFB-4670-AF73-0861EB6B9305}.BelowZero|Any CPU.ActiveCfg = BelowZero|Any CPU
		{FEA9E67B-ACFB-4670-AF73-0861EB6B9305}.BelowZero|Any CPU.Build.0 = BelowZero|Any CPU
		{FEA9E67B-ACFB-4670-AF73-0861EB6B9305}.BelowZero|x64.ActiveCfg = BelowZero|Any CPU
		{FEA9E67B-ACFB-4670-AF73-0861EB6B9305}.BelowZero|x64.Build.0 = BelowZero|Any CPU
		{FEA9E67B-ACFB-4670-AF73-0861EB6B9305}.BelowZeroLegacy|Any CPU.ActiveCfg = BelowZero|Any CPU
		{FEA9E67B-ACFB-4670-AF73-0861EB6B9305}.BelowZeroLegacy|Any CPU.Build.0 = BelowZero|Any CPU
		{FEA9E67B-ACFB-4670-AF73-0861EB6B9305}.BelowZeroLegacy|x64.ActiveCfg = BelowZero|Any CPU
		{FEA9E67B-ACFB-4670-AF73-0861EB6B9305}.BelowZeroLegacy|x64.Build.0 = BelowZero|Any CPU
		{FEA9E67B-ACFB-4670-AF73-0861EB6B9305}.Subnautica|Any CPU.ActiveCfg = Subnautica|Any CPU
		{FEA9E67B-ACFB-4670-AF73-0861EB6B9305}.Subnautica|Any CPU.Build.0 = Subnautica|Any CPU
		{FEA9E67B-ACFB-4670-AF73-0861EB6B9305}.Subnautica|x64.ActiveCfg = SubnauticaLivingLarge|Any CPU
		{FEA9E67B-ACFB-4670-AF73-0861EB6B9305}.Subnautica|x64.Build.0 = SubnauticaLivingLarge|Any CPU
		{FEA9E67B-ACFB-4670-AF73-0861EB6B9305}.SubnauticaLegacy|Any CPU.ActiveCfg = SubnauticaLegacy|Any CPU
		{FEA9E67B-ACFB-4670-AF73-0861EB6B9305}.SubnauticaLegacy|Any CPU.Build.0 = SubnauticaLegacy|Any CPU
		{FEA9E67B-ACFB-4670-AF73-0861EB6B9305}.SubnauticaLegacy|x64.ActiveCfg = Subnautica|Any CPU
		{FEA9E67B-ACFB-4670-AF73-0861EB6B9305}.SubnauticaLegacy|x64.Build.0 = Subnautica|Any CPU
		{8D0989F2-9427-454C-AF7A-E24E73EA9D44}.BelowZero|Any CPU.ActiveCfg = BelowZero|Any CPU
		{8D0989F2-9427-454C-AF7A-E24E73EA9D44}.BelowZero|Any CPU.Build.0 = BelowZero|Any CPU
		{8D0989F2-9427-454C-AF7A-E24E73EA9D44}.BelowZero|x64.ActiveCfg = BelowZero|Any CPU
		{8D0989F2-9427-454C-AF7A-E24E73EA9D44}.BelowZero|x64.Build.0 = BelowZero|Any CPU
		{8D0989F2-9427-454C-AF7A-E24E73EA9D44}.BelowZeroLegacy|Any CPU.ActiveCfg = BelowZero|Any CPU
		{8D0989F2-9427-454C-AF7A-E24E73EA9D44}.BelowZeroLegacy|Any CPU.Build.0 = BelowZero|Any CPU
		{8D0989F2-9427-454C-AF7A-E24E73EA9D44}.BelowZeroLegacy|x64.ActiveCfg = BelowZero|Any CPU
		{8D0989F2-9427-454C-AF7A-E24E73EA9D44}.BelowZeroLegacy|x64.Build.0 = BelowZero|Any CPU
		{8D0989F2-9427-454C-AF7A-E24E73EA9D44}.Subnautica|Any CPU.ActiveCfg = Subnautica|Any CPU
		{8D0989F2-9427-454C-AF7A-E24E73EA9D44}.Subnautica|Any CPU.Build.0 = Subnautica|Any CPU
		{8D0989F2-9427-454C-AF7A-E24E73EA9D44}.Subnautica|x64.ActiveCfg = SubnauticaLivingLarge|Any CPU
		{8D0989F2-9427-454C-AF7A-E24E73EA9D44}.Subnautica|x64.Build.0 = SubnauticaLivingLarge|Any CPU
		{8D0989F2-9427-454C-AF7A-E24E73EA9D44}.SubnauticaLegacy|Any CPU.ActiveCfg = SubnauticaLegacy|Any CPU
		{8D0989F2-9427-454C-AF7A-E24E73EA9D44}.SubnauticaLegacy|x64.ActiveCfg = Subnautica|Any CPU
		{8D0989F2-9427-454C-AF7A-E24E73EA9D44}.SubnauticaLegacy|x64.Build.0 = Subnautica|Any CPU
		{B43F4C23-BEB5-4B02-A623-A843A010F6A4}.BelowZero|Any CPU.ActiveCfg = BelowZero|Any CPU
		{B43F4C23-BEB5-4B02-A623-A843A010F6A4}.BelowZero|Any CPU.Build.0 = BelowZero|Any CPU
		{B43F4C23-BEB5-4B02-A623-A843A010F6A4}.BelowZero|x64.ActiveCfg = BelowZero|Any CPU
		{B43F4C23-BEB5-4B02-A623-A843A010F6A4}.BelowZero|x64.Build.0 = BelowZero|Any CPU
		{B43F4C23-BEB5-4B02-A623-A843A010F6A4}.BelowZeroLegacy|Any CPU.ActiveCfg = BelowZero|Any CPU
		{B43F4C23-BEB5-4B02-A623-A843A010F6A4}.BelowZeroLegacy|Any CPU.Build.0 = BelowZero|Any CPU
		{B43F4C23-BEB5-4B02-A623-A843A010F6A4}.BelowZeroLegacy|x64.ActiveCfg = BelowZero|Any CPU
		{B43F4C23-BEB5-4B02-A623-A843A010F6A4}.BelowZeroLegacy|x64.Build.0 = BelowZero|Any CPU
		{B43F4C23-BEB5-4B02-A623-A843A010F6A4}.Subnautica|Any CPU.ActiveCfg = Subnautica|Any CPU
		{B43F4C23-BEB5-4B02-A623-A843A010F6A4}.Subnautica|Any CPU.Build.0 = Subnautica|Any CPU
		{B43F4C23-BEB5-4B02-A623-A843A010F6A4}.Subnautica|x64.ActiveCfg = SubnauticaLivingLarge|Any CPU
		{B43F4C23-BEB5-4B02-A623-A843A010F6A4}.Subnautica|x64.Build.0 = SubnauticaLivingLarge|Any CPU
		{B43F4C23-BEB5-4B02-A623-A843A010F6A4}.SubnauticaLegacy|Any CPU.ActiveCfg = SubnauticaLegacy|Any CPU
		{B43F4C23-BEB5-4B02-A623-A843A010F6A4}.SubnauticaLegacy|Any CPU.Build.0 = SubnauticaLegacy|Any CPU
		{B43F4C23-BEB5-4B02-A623-A843A010F6A4}.SubnauticaLegacy|x64.ActiveCfg = Subnautica|Any CPU
		{B43F4C23-BEB5-4B02-A623-A843A010F6A4}.SubnauticaLegacy|x64.Build.0 = Subnautica|Any CPU
		{971FA188-6AB9-4C4F-BDEE-89E37F305276}.BelowZero|Any CPU.ActiveCfg = Debug|Any CPU
		{971FA188-6AB9-4C4F-BDEE-89E37F305276}.BelowZero|Any CPU.Build.0 = Debug|Any CPU
		{971FA188-6AB9-4C4F-BDEE-89E37F305276}.BelowZero|x64.ActiveCfg = BelowZero|Any CPU
		{971FA188-6AB9-4C4F-BDEE-89E37F305276}.BelowZero|x64.Build.0 = BelowZero|Any CPU
		{971FA188-6AB9-4C4F-BDEE-89E37F305276}.BelowZeroLegacy|Any CPU.ActiveCfg = BelowZero|Any CPU
		{971FA188-6AB9-4C4F-BDEE-89E37F305276}.BelowZeroLegacy|Any CPU.Build.0 = BelowZero|Any CPU
		{971FA188-6AB9-4C4F-BDEE-89E37F305276}.BelowZeroLegacy|x64.ActiveCfg = BelowZero|Any CPU
		{971FA188-6AB9-4C4F-BDEE-89E37F305276}.BelowZeroLegacy|x64.Build.0 = BelowZero|Any CPU
		{971FA188-6AB9-4C4F-BDEE-89E37F305276}.Subnautica|Any CPU.ActiveCfg = Debug|Any CPU
		{971FA188-6AB9-4C4F-BDEE-89E37F305276}.Subnautica|x64.ActiveCfg = SubnauticaLivingLarge|Any CPU
		{971FA188-6AB9-4C4F-BDEE-89E37F305276}.Subnautica|x64.Build.0 = SubnauticaLivingLarge|Any CPU
		{971FA188-6AB9-4C4F-BDEE-89E37F305276}.SubnauticaLegacy|Any CPU.ActiveCfg = BelowZero|Any CPU
		{971FA188-6AB9-4C4F-BDEE-89E37F305276}.SubnauticaLegacy|Any CPU.Build.0 = BelowZero|Any CPU
		{971FA188-6AB9-4C4F-BDEE-89E37F305276}.SubnauticaLegacy|x64.ActiveCfg = BelowZero|Any CPU
		{971FA188-6AB9-4C4F-BDEE-89E37F305276}.SubnauticaLegacy|x64.Build.0 = BelowZero|Any CPU
		{C5E29C24-D05F-4321-A886-1EFF69D01C46}.BelowZero|Any CPU.ActiveCfg = BelowZero|Any CPU
		{C5E29C24-D05F-4321-A886-1EFF69D01C46}.BelowZero|Any CPU.Build.0 = BelowZero|Any CPU
		{C5E29C24-D05F-4321-A886-1EFF69D01C46}.BelowZero|x64.ActiveCfg = BelowZero|Any CPU
		{C5E29C24-D05F-4321-A886-1EFF69D01C46}.BelowZero|x64.Build.0 = BelowZero|Any CPU
		{C5E29C24-D05F-4321-A886-1EFF69D01C46}.BelowZeroLegacy|Any CPU.ActiveCfg = BelowZero|Any CPU
		{C5E29C24-D05F-4321-A886-1EFF69D01C46}.BelowZeroLegacy|Any CPU.Build.0 = BelowZero|Any CPU
		{C5E29C24-D05F-4321-A886-1EFF69D01C46}.BelowZeroLegacy|x64.ActiveCfg = BelowZero|Any CPU
		{C5E29C24-D05F-4321-A886-1EFF69D01C46}.BelowZeroLegacy|x64.Build.0 = BelowZero|Any CPU
		{C5E29C24-D05F-4321-A886-1EFF69D01C46}.Subnautica|Any CPU.ActiveCfg = Subnautica|Any CPU
		{C5E29C24-D05F-4321-A886-1EFF69D01C46}.Subnautica|Any CPU.Build.0 = Subnautica|Any CPU
		{C5E29C24-D05F-4321-A886-1EFF69D01C46}.Subnautica|x64.ActiveCfg = SubnauticaLivingLarge|Any CPU
		{C5E29C24-D05F-4321-A886-1EFF69D01C46}.Subnautica|x64.Build.0 = SubnauticaLivingLarge|Any CPU
		{C5E29C24-D05F-4321-A886-1EFF69D01C46}.SubnauticaLegacy|Any CPU.ActiveCfg = SubnauticaLegacy|Any CPU
		{C5E29C24-D05F-4321-A886-1EFF69D01C46}.SubnauticaLegacy|Any CPU.Build.0 = SubnauticaLegacy|Any CPU
		{C5E29C24-D05F-4321-A886-1EFF69D01C46}.SubnauticaLegacy|x64.ActiveCfg = Subnautica|Any CPU
		{C5E29C24-D05F-4321-A886-1EFF69D01C46}.SubnauticaLegacy|x64.Build.0 = Subnautica|Any CPU
		{23CF2B33-EB9A-45CA-B84B-8968B5777B2B}.BelowZero|Any CPU.ActiveCfg = BelowZero|Any CPU
		{23CF2B33-EB9A-45CA-B84B-8968B5777B2B}.BelowZero|Any CPU.Build.0 = BelowZero|Any CPU
		{23CF2B33-EB9A-45CA-B84B-8968B5777B2B}.BelowZero|x64.ActiveCfg = BelowZero|Any CPU
		{23CF2B33-EB9A-45CA-B84B-8968B5777B2B}.BelowZero|x64.Build.0 = BelowZero|Any CPU
		{23CF2B33-EB9A-45CA-B84B-8968B5777B2B}.BelowZeroLegacy|Any CPU.ActiveCfg = BelowZero|Any CPU
		{23CF2B33-EB9A-45CA-B84B-8968B5777B2B}.BelowZeroLegacy|Any CPU.Build.0 = BelowZero|Any CPU
		{23CF2B33-EB9A-45CA-B84B-8968B5777B2B}.BelowZeroLegacy|x64.ActiveCfg = BelowZero|Any CPU
		{23CF2B33-EB9A-45CA-B84B-8968B5777B2B}.BelowZeroLegacy|x64.Build.0 = BelowZero|Any CPU
		{23CF2B33-EB9A-45CA-B84B-8968B5777B2B}.Subnautica|Any CPU.ActiveCfg = Subnautica|Any CPU
		{23CF2B33-EB9A-45CA-B84B-8968B5777B2B}.Subnautica|Any CPU.Build.0 = Subnautica|Any CPU
		{23CF2B33-EB9A-45CA-B84B-8968B5777B2B}.Subnautica|x64.ActiveCfg = SubnauticaLivingLarge|Any CPU
		{23CF2B33-EB9A-45CA-B84B-8968B5777B2B}.Subnautica|x64.Build.0 = SubnauticaLivingLarge|Any CPU
		{23CF2B33-EB9A-45CA-B84B-8968B5777B2B}.SubnauticaLegacy|Any CPU.ActiveCfg = SubnauticaLegacy|Any CPU
		{23CF2B33-EB9A-45CA-B84B-8968B5777B2B}.SubnauticaLegacy|Any CPU.Build.0 = SubnauticaLegacy|Any CPU
		{23CF2B33-EB9A-45CA-B84B-8968B5777B2B}.SubnauticaLegacy|x64.ActiveCfg = Subnautica|Any CPU
		{23CF2B33-EB9A-45CA-B84B-8968B5777B2B}.SubnauticaLegacy|x64.Build.0 = Subnautica|Any CPU
		{0BBEDB12-642C-47EE-A14D-3F581B0038B8}.BelowZero|Any CPU.ActiveCfg = BelowZero|Any CPU
		{0BBEDB12-642C-47EE-A14D-3F581B0038B8}.BelowZero|Any CPU.Build.0 = BelowZero|Any CPU
		{0BBEDB12-642C-47EE-A14D-3F581B0038B8}.BelowZero|x64.ActiveCfg = BelowZero|Any CPU
		{0BBEDB12-642C-47EE-A14D-3F581B0038B8}.BelowZero|x64.Build.0 = BelowZero|Any CPU
		{0BBEDB12-642C-47EE-A14D-3F581B0038B8}.BelowZeroLegacy|Any CPU.ActiveCfg = BelowZero|Any CPU
		{0BBEDB12-642C-47EE-A14D-3F581B0038B8}.BelowZeroLegacy|Any CPU.Build.0 = BelowZero|Any CPU
		{0BBEDB12-642C-47EE-A14D-3F581B0038B8}.BelowZeroLegacy|x64.ActiveCfg = BelowZero|Any CPU
		{0BBEDB12-642C-47EE-A14D-3F581B0038B8}.BelowZeroLegacy|x64.Build.0 = BelowZero|Any CPU
		{0BBEDB12-642C-47EE-A14D-3F581B0038B8}.Subnautica|Any CPU.ActiveCfg = Subnautica|Any CPU
		{0BBEDB12-642C-47EE-A14D-3F581B0038B8}.Subnautica|Any CPU.Build.0 = Subnautica|Any CPU
		{0BBEDB12-642C-47EE-A14D-3F581B0038B8}.Subnautica|x64.ActiveCfg = SubnauticaLivingLarge|Any CPU
		{0BBEDB12-642C-47EE-A14D-3F581B0038B8}.Subnautica|x64.Build.0 = SubnauticaLivingLarge|Any CPU
		{0BBEDB12-642C-47EE-A14D-3F581B0038B8}.SubnauticaLegacy|Any CPU.ActiveCfg = SubnauticaLegacy|Any CPU
		{0BBEDB12-642C-47EE-A14D-3F581B0038B8}.SubnauticaLegacy|Any CPU.Build.0 = SubnauticaLegacy|Any CPU
		{0BBEDB12-642C-47EE-A14D-3F581B0038B8}.SubnauticaLegacy|x64.ActiveCfg = Subnautica|Any CPU
		{0BBEDB12-642C-47EE-A14D-3F581B0038B8}.SubnauticaLegacy|x64.Build.0 = Subnautica|Any CPU
		{102B0CA1-992C-4E50-92BF-CDF1F0CE8ACF}.BelowZero|Any CPU.ActiveCfg = BelowZero|Any CPU
		{102B0CA1-992C-4E50-92BF-CDF1F0CE8ACF}.BelowZero|Any CPU.Build.0 = BelowZero|Any CPU
		{102B0CA1-992C-4E50-92BF-CDF1F0CE8ACF}.BelowZero|x64.ActiveCfg = BelowZero|Any CPU
		{102B0CA1-992C-4E50-92BF-CDF1F0CE8ACF}.BelowZero|x64.Build.0 = BelowZero|Any CPU
		{102B0CA1-992C-4E50-92BF-CDF1F0CE8ACF}.BelowZeroLegacy|Any CPU.ActiveCfg = Subnautica|Any CPU
		{102B0CA1-992C-4E50-92BF-CDF1F0CE8ACF}.BelowZeroLegacy|Any CPU.Build.0 = Subnautica|Any CPU
		{102B0CA1-992C-4E50-92BF-CDF1F0CE8ACF}.BelowZeroLegacy|x64.ActiveCfg = Subnautica|Any CPU
		{102B0CA1-992C-4E50-92BF-CDF1F0CE8ACF}.BelowZeroLegacy|x64.Build.0 = Subnautica|Any CPU
		{102B0CA1-992C-4E50-92BF-CDF1F0CE8ACF}.Subnautica|Any CPU.ActiveCfg = Subnautica|Any CPU
		{102B0CA1-992C-4E50-92BF-CDF1F0CE8ACF}.Subnautica|Any CPU.Build.0 = Subnautica|Any CPU
		{102B0CA1-992C-4E50-92BF-CDF1F0CE8ACF}.Subnautica|x64.ActiveCfg = SubnauticaLivingLarge|Any CPU
		{102B0CA1-992C-4E50-92BF-CDF1F0CE8ACF}.Subnautica|x64.Build.0 = SubnauticaLivingLarge|Any CPU
		{102B0CA1-992C-4E50-92BF-CDF1F0CE8ACF}.SubnauticaLegacy|Any CPU.ActiveCfg = SubnauticaLegacy|Any CPU
		{102B0CA1-992C-4E50-92BF-CDF1F0CE8ACF}.SubnauticaLegacy|Any CPU.Build.0 = SubnauticaLegacy|Any CPU
		{102B0CA1-992C-4E50-92BF-CDF1F0CE8ACF}.SubnauticaLegacy|x64.ActiveCfg = Subnautica|Any CPU
		{102B0CA1-992C-4E50-92BF-CDF1F0CE8ACF}.SubnauticaLegacy|x64.Build.0 = Subnautica|Any CPU
		{D05216E9-CCF3-4037-8C2F-36B571ACB323}.BelowZero|Any CPU.ActiveCfg = BelowZero|Any CPU
		{D05216E9-CCF3-4037-8C2F-36B571ACB323}.BelowZero|Any CPU.Build.0 = BelowZero|Any CPU
		{D05216E9-CCF3-4037-8C2F-36B571ACB323}.BelowZero|x64.ActiveCfg = BelowZero|Any CPU
		{D05216E9-CCF3-4037-8C2F-36B571ACB323}.BelowZero|x64.Build.0 = BelowZero|Any CPU
		{D05216E9-CCF3-4037-8C2F-36B571ACB323}.BelowZeroLegacy|Any CPU.ActiveCfg = BelowZero|Any CPU
		{D05216E9-CCF3-4037-8C2F-36B571ACB323}.BelowZeroLegacy|Any CPU.Build.0 = BelowZero|Any CPU
		{D05216E9-CCF3-4037-8C2F-36B571ACB323}.BelowZeroLegacy|x64.ActiveCfg = BelowZero|Any CPU
		{D05216E9-CCF3-4037-8C2F-36B571ACB323}.BelowZeroLegacy|x64.Build.0 = BelowZero|Any CPU
		{D05216E9-CCF3-4037-8C2F-36B571ACB323}.Subnautica|Any CPU.ActiveCfg = Subnautica|Any CPU
		{D05216E9-CCF3-4037-8C2F-36B571ACB323}.Subnautica|Any CPU.Build.0 = Subnautica|Any CPU
		{D05216E9-CCF3-4037-8C2F-36B571ACB323}.Subnautica|x64.ActiveCfg = SubnauticaLivingLarge|Any CPU
		{D05216E9-CCF3-4037-8C2F-36B571ACB323}.Subnautica|x64.Build.0 = SubnauticaLivingLarge|Any CPU
		{D05216E9-CCF3-4037-8C2F-36B571ACB323}.SubnauticaLegacy|Any CPU.ActiveCfg = SubnauticaLegacy|Any CPU
		{D05216E9-CCF3-4037-8C2F-36B571ACB323}.SubnauticaLegacy|Any CPU.Build.0 = SubnauticaLegacy|Any CPU
		{D05216E9-CCF3-4037-8C2F-36B571ACB323}.SubnauticaLegacy|x64.ActiveCfg = Subnautica|Any CPU
		{D05216E9-CCF3-4037-8C2F-36B571ACB323}.SubnauticaLegacy|x64.Build.0 = Subnautica|Any CPU
		{854262EB-F44F-4D6B-9B32-4103AE9F4253}.BelowZero|Any CPU.ActiveCfg = BelowZero|Any CPU
		{854262EB-F44F-4D6B-9B32-4103AE9F4253}.BelowZero|Any CPU.Build.0 = BelowZero|Any CPU
		{854262EB-F44F-4D6B-9B32-4103AE9F4253}.BelowZero|x64.ActiveCfg = BelowZero|Any CPU
		{854262EB-F44F-4D6B-9B32-4103AE9F4253}.BelowZero|x64.Build.0 = BelowZero|Any CPU
		{854262EB-F44F-4D6B-9B32-4103AE9F4253}.BelowZeroLegacy|Any CPU.ActiveCfg = BelowZero|Any CPU
		{854262EB-F44F-4D6B-9B32-4103AE9F4253}.BelowZeroLegacy|Any CPU.Build.0 = BelowZero|Any CPU
		{854262EB-F44F-4D6B-9B32-4103AE9F4253}.BelowZeroLegacy|x64.ActiveCfg = BelowZero|Any CPU
		{854262EB-F44F-4D6B-9B32-4103AE9F4253}.BelowZeroLegacy|x64.Build.0 = BelowZero|Any CPU
		{854262EB-F44F-4D6B-9B32-4103AE9F4253}.Subnautica|Any CPU.ActiveCfg = Subnautica|Any CPU
		{854262EB-F44F-4D6B-9B32-4103AE9F4253}.Subnautica|Any CPU.Build.0 = Subnautica|Any CPU
		{854262EB-F44F-4D6B-9B32-4103AE9F4253}.Subnautica|x64.ActiveCfg = SubnauticaLivingLarge|Any CPU
		{854262EB-F44F-4D6B-9B32-4103AE9F4253}.Subnautica|x64.Build.0 = SubnauticaLivingLarge|Any CPU
		{854262EB-F44F-4D6B-9B32-4103AE9F4253}.SubnauticaLegacy|Any CPU.ActiveCfg = SubnauticaLegacy|Any CPU
		{854262EB-F44F-4D6B-9B32-4103AE9F4253}.SubnauticaLegacy|Any CPU.Build.0 = SubnauticaLegacy|Any CPU
		{854262EB-F44F-4D6B-9B32-4103AE9F4253}.SubnauticaLegacy|x64.ActiveCfg = Subnautica|Any CPU
		{854262EB-F44F-4D6B-9B32-4103AE9F4253}.SubnauticaLegacy|x64.Build.0 = Subnautica|Any CPU
		{1370931B-52AE-4B77-91F1-4F53CBA78119}.BelowZero|Any CPU.ActiveCfg = BelowZero|Any CPU
		{1370931B-52AE-4B77-91F1-4F53CBA78119}.BelowZero|Any CPU.Build.0 = BelowZero|Any CPU
		{1370931B-52AE-4B77-91F1-4F53CBA78119}.BelowZero|x64.ActiveCfg = BelowZero|Any CPU
		{1370931B-52AE-4B77-91F1-4F53CBA78119}.BelowZero|x64.Build.0 = BelowZero|Any CPU
		{1370931B-52AE-4B77-91F1-4F53CBA78119}.BelowZeroLegacy|Any CPU.ActiveCfg = BelowZero|Any CPU
		{1370931B-52AE-4B77-91F1-4F53CBA78119}.BelowZeroLegacy|Any CPU.Build.0 = BelowZero|Any CPU
		{1370931B-52AE-4B77-91F1-4F53CBA78119}.BelowZeroLegacy|x64.ActiveCfg = BelowZero|Any CPU
		{1370931B-52AE-4B77-91F1-4F53CBA78119}.BelowZeroLegacy|x64.Build.0 = BelowZero|Any CPU
		{1370931B-52AE-4B77-91F1-4F53CBA78119}.Subnautica|Any CPU.ActiveCfg = Subnautica|Any CPU
		{1370931B-52AE-4B77-91F1-4F53CBA78119}.Subnautica|Any CPU.Build.0 = Subnautica|Any CPU
		{1370931B-52AE-4B77-91F1-4F53CBA78119}.Subnautica|x64.ActiveCfg = SubnauticaLivingLarge|Any CPU
		{1370931B-52AE-4B77-91F1-4F53CBA78119}.Subnautica|x64.Build.0 = SubnauticaLivingLarge|Any CPU
		{1370931B-52AE-4B77-91F1-4F53CBA78119}.SubnauticaLegacy|Any CPU.ActiveCfg = SubnauticaLegacy|Any CPU
		{1370931B-52AE-4B77-91F1-4F53CBA78119}.SubnauticaLegacy|Any CPU.Build.0 = SubnauticaLegacy|Any CPU
		{1370931B-52AE-4B77-91F1-4F53CBA78119}.SubnauticaLegacy|x64.ActiveCfg = Subnautica|Any CPU
		{1370931B-52AE-4B77-91F1-4F53CBA78119}.SubnauticaLegacy|x64.Build.0 = Subnautica|Any CPU
		{F6471CA2-E705-4E05-A36A-451378150B1A}.BelowZero|Any CPU.ActiveCfg = BelowZero|Any CPU
		{F6471CA2-E705-4E05-A36A-451378150B1A}.BelowZero|Any CPU.Build.0 = BelowZero|Any CPU
		{F6471CA2-E705-4E05-A36A-451378150B1A}.BelowZero|x64.ActiveCfg = BelowZero|Any CPU
		{F6471CA2-E705-4E05-A36A-451378150B1A}.BelowZero|x64.Build.0 = BelowZero|Any CPU
		{F6471CA2-E705-4E05-A36A-451378150B1A}.BelowZeroLegacy|Any CPU.ActiveCfg = BelowZero|Any CPU
		{F6471CA2-E705-4E05-A36A-451378150B1A}.BelowZeroLegacy|Any CPU.Build.0 = BelowZero|Any CPU
		{F6471CA2-E705-4E05-A36A-451378150B1A}.BelowZeroLegacy|x64.ActiveCfg = BelowZero|Any CPU
		{F6471CA2-E705-4E05-A36A-451378150B1A}.BelowZeroLegacy|x64.Build.0 = BelowZero|Any CPU
		{F6471CA2-E705-4E05-A36A-451378150B1A}.Subnautica|Any CPU.ActiveCfg = Subnautica|Any CPU
		{F6471CA2-E705-4E05-A36A-451378150B1A}.Subnautica|Any CPU.Build.0 = Subnautica|Any CPU
		{F6471CA2-E705-4E05-A36A-451378150B1A}.Subnautica|x64.ActiveCfg = SubnauticaLivingLarge|Any CPU
		{F6471CA2-E705-4E05-A36A-451378150B1A}.Subnautica|x64.Build.0 = SubnauticaLivingLarge|Any CPU
		{F6471CA2-E705-4E05-A36A-451378150B1A}.SubnauticaLegacy|Any CPU.ActiveCfg = SubnauticaLegacy|Any CPU
		{F6471CA2-E705-4E05-A36A-451378150B1A}.SubnauticaLegacy|Any CPU.Build.0 = SubnauticaLegacy|Any CPU
		{F6471CA2-E705-4E05-A36A-451378150B1A}.SubnauticaLegacy|x64.ActiveCfg = Subnautica|Any CPU
		{F6471CA2-E705-4E05-A36A-451378150B1A}.SubnauticaLegacy|x64.Build.0 = Subnautica|Any CPU
		{31E81FE0-853A-4F56-81B3-2CF073777594}.BelowZero|Any CPU.ActiveCfg = BelowZero|Any CPU
		{31E81FE0-853A-4F56-81B3-2CF073777594}.BelowZero|Any CPU.Build.0 = BelowZero|Any CPU
		{31E81FE0-853A-4F56-81B3-2CF073777594}.BelowZero|x64.ActiveCfg = BelowZero|Any CPU
		{31E81FE0-853A-4F56-81B3-2CF073777594}.BelowZero|x64.Build.0 = BelowZero|Any CPU
		{31E81FE0-853A-4F56-81B3-2CF073777594}.BelowZeroLegacy|Any CPU.ActiveCfg = BelowZero|Any CPU
		{31E81FE0-853A-4F56-81B3-2CF073777594}.BelowZeroLegacy|Any CPU.Build.0 = BelowZero|Any CPU
		{31E81FE0-853A-4F56-81B3-2CF073777594}.BelowZeroLegacy|x64.ActiveCfg = Debug|Any CPU
		{31E81FE0-853A-4F56-81B3-2CF073777594}.BelowZeroLegacy|x64.Build.0 = Debug|Any CPU
		{31E81FE0-853A-4F56-81B3-2CF073777594}.Subnautica|Any CPU.ActiveCfg = Subnautica|Any CPU
		{31E81FE0-853A-4F56-81B3-2CF073777594}.Subnautica|Any CPU.Build.0 = Subnautica|Any CPU
		{31E81FE0-853A-4F56-81B3-2CF073777594}.Subnautica|x64.ActiveCfg = SubnauticaLivingLarge|Any CPU
		{31E81FE0-853A-4F56-81B3-2CF073777594}.Subnautica|x64.Build.0 = SubnauticaLivingLarge|Any CPU
		{31E81FE0-853A-4F56-81B3-2CF073777594}.SubnauticaLegacy|Any CPU.ActiveCfg = SubnauticaLegacy|Any CPU
		{31E81FE0-853A-4F56-81B3-2CF073777594}.SubnauticaLegacy|Any CPU.Build.0 = SubnauticaLegacy|Any CPU
		{31E81FE0-853A-4F56-81B3-2CF073777594}.SubnauticaLegacy|x64.ActiveCfg = Debug|Any CPU
		{31E81FE0-853A-4F56-81B3-2CF073777594}.SubnauticaLegacy|x64.Build.0 = Debug|Any CPU
		{A89B8691-E90A-4F9A-A7E2-694665C2C365}.BelowZero|Any CPU.ActiveCfg = BelowZero|Any CPU
		{A89B8691-E90A-4F9A-A7E2-694665C2C365}.BelowZero|Any CPU.Build.0 = BelowZero|Any CPU
		{A89B8691-E90A-4F9A-A7E2-694665C2C365}.BelowZero|x64.ActiveCfg = BelowZero|Any CPU
		{A89B8691-E90A-4F9A-A7E2-694665C2C365}.BelowZero|x64.Build.0 = BelowZero|Any CPU
		{A89B8691-E90A-4F9A-A7E2-694665C2C365}.BelowZeroLegacy|Any CPU.ActiveCfg = BelowZero|Any CPU
		{A89B8691-E90A-4F9A-A7E2-694665C2C365}.BelowZeroLegacy|Any CPU.Build.0 = BelowZero|Any CPU
		{A89B8691-E90A-4F9A-A7E2-694665C2C365}.BelowZeroLegacy|x64.ActiveCfg = Debug|Any CPU
		{A89B8691-E90A-4F9A-A7E2-694665C2C365}.BelowZeroLegacy|x64.Build.0 = Debug|Any CPU
		{A89B8691-E90A-4F9A-A7E2-694665C2C365}.Subnautica|Any CPU.ActiveCfg = Subnautica|Any CPU
		{A89B8691-E90A-4F9A-A7E2-694665C2C365}.Subnautica|Any CPU.Build.0 = Subnautica|Any CPU
		{A89B8691-E90A-4F9A-A7E2-694665C2C365}.Subnautica|x64.ActiveCfg = SubnauticaLivingLarge|Any CPU
		{A89B8691-E90A-4F9A-A7E2-694665C2C365}.Subnautica|x64.Build.0 = SubnauticaLivingLarge|Any CPU
		{A89B8691-E90A-4F9A-A7E2-694665C2C365}.SubnauticaLegacy|Any CPU.ActiveCfg = SubnauticaLegacy|Any CPU
		{A89B8691-E90A-4F9A-A7E2-694665C2C365}.SubnauticaLegacy|Any CPU.Build.0 = SubnauticaLegacy|Any CPU
		{A89B8691-E90A-4F9A-A7E2-694665C2C365}.SubnauticaLegacy|x64.ActiveCfg = Debug|Any CPU
		{A89B8691-E90A-4F9A-A7E2-694665C2C365}.SubnauticaLegacy|x64.Build.0 = Debug|Any CPU
		{42C336F5-3B85-466B-995A-0198EA1D979E}.BelowZero|Any CPU.ActiveCfg = BelowZero|Any CPU
		{42C336F5-3B85-466B-995A-0198EA1D979E}.BelowZero|Any CPU.Build.0 = BelowZero|Any CPU
		{42C336F5-3B85-466B-995A-0198EA1D979E}.BelowZero|x64.ActiveCfg = BelowZero|Any CPU
		{42C336F5-3B85-466B-995A-0198EA1D979E}.BelowZero|x64.Build.0 = BelowZero|Any CPU
		{42C336F5-3B85-466B-995A-0198EA1D979E}.BelowZeroLegacy|Any CPU.ActiveCfg = BelowZero|Any CPU
		{42C336F5-3B85-466B-995A-0198EA1D979E}.BelowZeroLegacy|Any CPU.Build.0 = BelowZero|Any CPU
		{42C336F5-3B85-466B-995A-0198EA1D979E}.BelowZeroLegacy|x64.ActiveCfg = BelowZero|Any CPU
		{42C336F5-3B85-466B-995A-0198EA1D979E}.BelowZeroLegacy|x64.Build.0 = BelowZero|Any CPU
		{42C336F5-3B85-466B-995A-0198EA1D979E}.Subnautica|Any CPU.ActiveCfg = Subnautica|Any CPU
		{42C336F5-3B85-466B-995A-0198EA1D979E}.Subnautica|Any CPU.Build.0 = Subnautica|Any CPU
		{42C336F5-3B85-466B-995A-0198EA1D979E}.Subnautica|x64.ActiveCfg = SubnauticaLivingLarge|Any CPU
		{42C336F5-3B85-466B-995A-0198EA1D979E}.Subnautica|x64.Build.0 = SubnauticaLivingLarge|Any CPU
		{42C336F5-3B85-466B-995A-0198EA1D979E}.SubnauticaLegacy|Any CPU.ActiveCfg = SubnauticaLegacy|Any CPU
		{42C336F5-3B85-466B-995A-0198EA1D979E}.SubnauticaLegacy|Any CPU.Build.0 = SubnauticaLegacy|Any CPU
		{42C336F5-3B85-466B-995A-0198EA1D979E}.SubnauticaLegacy|x64.ActiveCfg = Subnautica|Any CPU
		{42C336F5-3B85-466B-995A-0198EA1D979E}.SubnauticaLegacy|x64.Build.0 = Subnautica|Any CPU
		{D935B7DC-5D06-4976-8FA1-B9980517204F}.BelowZero|Any CPU.ActiveCfg = BelowZero|Any CPU
		{D935B7DC-5D06-4976-8FA1-B9980517204F}.BelowZero|Any CPU.Build.0 = BelowZero|Any CPU
		{D935B7DC-5D06-4976-8FA1-B9980517204F}.BelowZero|x64.ActiveCfg = BelowZero|Any CPU
		{D935B7DC-5D06-4976-8FA1-B9980517204F}.BelowZero|x64.Build.0 = BelowZero|Any CPU
		{D935B7DC-5D06-4976-8FA1-B9980517204F}.BelowZeroLegacy|Any CPU.ActiveCfg = BelowZero|Any CPU
		{D935B7DC-5D06-4976-8FA1-B9980517204F}.BelowZeroLegacy|Any CPU.Build.0 = BelowZero|Any CPU
		{D935B7DC-5D06-4976-8FA1-B9980517204F}.BelowZeroLegacy|x64.ActiveCfg = BelowZero|Any CPU
		{D935B7DC-5D06-4976-8FA1-B9980517204F}.BelowZeroLegacy|x64.Build.0 = BelowZero|Any CPU
		{D935B7DC-5D06-4976-8FA1-B9980517204F}.Subnautica|Any CPU.ActiveCfg = Subnautica|Any CPU
		{D935B7DC-5D06-4976-8FA1-B9980517204F}.Subnautica|Any CPU.Build.0 = Subnautica|Any CPU
		{D935B7DC-5D06-4976-8FA1-B9980517204F}.Subnautica|x64.ActiveCfg = SubnauticaLivingLarge|Any CPU
		{D935B7DC-5D06-4976-8FA1-B9980517204F}.Subnautica|x64.Build.0 = SubnauticaLivingLarge|Any CPU
		{D935B7DC-5D06-4976-8FA1-B9980517204F}.SubnauticaLegacy|Any CPU.ActiveCfg = SubnauticaLegacy|Any CPU
		{D935B7DC-5D06-4976-8FA1-B9980517204F}.SubnauticaLegacy|Any CPU.Build.0 = SubnauticaLegacy|Any CPU
		{D935B7DC-5D06-4976-8FA1-B9980517204F}.SubnauticaLegacy|x64.ActiveCfg = Subnautica|Any CPU
		{D935B7DC-5D06-4976-8FA1-B9980517204F}.SubnauticaLegacy|x64.Build.0 = Subnautica|Any CPU
		{91E1EDCA-E684-400F-BC57-04EFCE159444}.BelowZero|Any CPU.ActiveCfg = BelowZero|Any CPU
		{91E1EDCA-E684-400F-BC57-04EFCE159444}.BelowZero|Any CPU.Build.0 = BelowZero|Any CPU
		{91E1EDCA-E684-400F-BC57-04EFCE159444}.BelowZero|x64.ActiveCfg = BelowZero|Any CPU
		{91E1EDCA-E684-400F-BC57-04EFCE159444}.BelowZero|x64.Build.0 = BelowZero|Any CPU
		{91E1EDCA-E684-400F-BC57-04EFCE159444}.BelowZeroLegacy|Any CPU.ActiveCfg = BelowZero|Any CPU
		{91E1EDCA-E684-400F-BC57-04EFCE159444}.BelowZeroLegacy|Any CPU.Build.0 = BelowZero|Any CPU
		{91E1EDCA-E684-400F-BC57-04EFCE159444}.BelowZeroLegacy|x64.ActiveCfg = BelowZero|Any CPU
		{91E1EDCA-E684-400F-BC57-04EFCE159444}.BelowZeroLegacy|x64.Build.0 = BelowZero|Any CPU
		{91E1EDCA-E684-400F-BC57-04EFCE159444}.Subnautica|Any CPU.ActiveCfg = Subnautica|Any CPU
		{91E1EDCA-E684-400F-BC57-04EFCE159444}.Subnautica|Any CPU.Build.0 = Subnautica|Any CPU
		{91E1EDCA-E684-400F-BC57-04EFCE159444}.Subnautica|x64.ActiveCfg = SubnauticaLivingLarge|Any CPU
		{91E1EDCA-E684-400F-BC57-04EFCE159444}.Subnautica|x64.Build.0 = SubnauticaLivingLarge|Any CPU
		{91E1EDCA-E684-400F-BC57-04EFCE159444}.SubnauticaLegacy|Any CPU.ActiveCfg = SubnauticaLegacy|Any CPU
		{91E1EDCA-E684-400F-BC57-04EFCE159444}.SubnauticaLegacy|Any CPU.Build.0 = SubnauticaLegacy|Any CPU
		{91E1EDCA-E684-400F-BC57-04EFCE159444}.SubnauticaLegacy|x64.ActiveCfg = Subnautica|Any CPU
		{91E1EDCA-E684-400F-BC57-04EFCE159444}.SubnauticaLegacy|x64.Build.0 = Subnautica|Any CPU
		{1E3A4636-DCA8-4BA2-803B-FBE4FB8A5054}.BelowZero|Any CPU.ActiveCfg = BelowZero|Any CPU
		{1E3A4636-DCA8-4BA2-803B-FBE4FB8A5054}.BelowZero|x64.ActiveCfg = BelowZero|Any CPU
		{1E3A4636-DCA8-4BA2-803B-FBE4FB8A5054}.BelowZeroLegacy|Any CPU.ActiveCfg = BelowZero|Any CPU
		{1E3A4636-DCA8-4BA2-803B-FBE4FB8A5054}.BelowZeroLegacy|Any CPU.Build.0 = BelowZero|Any CPU
		{1E3A4636-DCA8-4BA2-803B-FBE4FB8A5054}.BelowZeroLegacy|x64.ActiveCfg = BelowZero|Any CPU
		{1E3A4636-DCA8-4BA2-803B-FBE4FB8A5054}.BelowZeroLegacy|x64.Build.0 = BelowZero|Any CPU
		{1E3A4636-DCA8-4BA2-803B-FBE4FB8A5054}.Subnautica|Any CPU.ActiveCfg = Subnautica|Any CPU
		{1E3A4636-DCA8-4BA2-803B-FBE4FB8A5054}.Subnautica|x64.ActiveCfg = Subnautica|Any CPU
		{1E3A4636-DCA8-4BA2-803B-FBE4FB8A5054}.SubnauticaLegacy|Any CPU.ActiveCfg = Subnautica|Any CPU
		{1E3A4636-DCA8-4BA2-803B-FBE4FB8A5054}.SubnauticaLegacy|Any CPU.Build.0 = Subnautica|Any CPU
		{1E3A4636-DCA8-4BA2-803B-FBE4FB8A5054}.SubnauticaLegacy|x64.ActiveCfg = Subnautica|Any CPU
		{1E3A4636-DCA8-4BA2-803B-FBE4FB8A5054}.SubnauticaLegacy|x64.Build.0 = Subnautica|Any CPU
		{B031192B-D007-46C6-B600-C3DAAB9A72D8}.BelowZero|Any CPU.ActiveCfg = BelowZero|Any CPU
		{B031192B-D007-46C6-B600-C3DAAB9A72D8}.BelowZero|Any CPU.Build.0 = BelowZero|Any CPU
		{B031192B-D007-46C6-B600-C3DAAB9A72D8}.BelowZero|x64.ActiveCfg = BelowZero|Any CPU
		{B031192B-D007-46C6-B600-C3DAAB9A72D8}.BelowZero|x64.Build.0 = BelowZero|Any CPU
		{B031192B-D007-46C6-B600-C3DAAB9A72D8}.BelowZeroLegacy|Any CPU.ActiveCfg = BelowZero|Any CPU
		{B031192B-D007-46C6-B600-C3DAAB9A72D8}.BelowZeroLegacy|Any CPU.Build.0 = BelowZero|Any CPU
		{B031192B-D007-46C6-B600-C3DAAB9A72D8}.BelowZeroLegacy|x64.ActiveCfg = Debug|Any CPU
		{B031192B-D007-46C6-B600-C3DAAB9A72D8}.BelowZeroLegacy|x64.Build.0 = Debug|Any CPU
		{B031192B-D007-46C6-B600-C3DAAB9A72D8}.Subnautica|Any CPU.ActiveCfg = Subnautica|Any CPU
		{B031192B-D007-46C6-B600-C3DAAB9A72D8}.Subnautica|Any CPU.Build.0 = Subnautica|Any CPU
		{B031192B-D007-46C6-B600-C3DAAB9A72D8}.Subnautica|x64.ActiveCfg = SubnauticaLivingLarge|Any CPU
		{B031192B-D007-46C6-B600-C3DAAB9A72D8}.Subnautica|x64.Build.0 = SubnauticaLivingLarge|Any CPU
		{B031192B-D007-46C6-B600-C3DAAB9A72D8}.SubnauticaLegacy|Any CPU.ActiveCfg = SubnauticaLegacy|Any CPU
		{B031192B-D007-46C6-B600-C3DAAB9A72D8}.SubnauticaLegacy|Any CPU.Build.0 = SubnauticaLegacy|Any CPU
		{B031192B-D007-46C6-B600-C3DAAB9A72D8}.SubnauticaLegacy|x64.ActiveCfg = Debug|Any CPU
		{B031192B-D007-46C6-B600-C3DAAB9A72D8}.SubnauticaLegacy|x64.Build.0 = Debug|Any CPU
		{F896F3A0-20AD-4251-9D6F-3775D2427C35}.BelowZero|Any CPU.ActiveCfg = BelowZero|Any CPU
		{F896F3A0-20AD-4251-9D6F-3775D2427C35}.BelowZero|Any CPU.Build.0 = BelowZero|Any CPU
		{F896F3A0-20AD-4251-9D6F-3775D2427C35}.BelowZero|x64.ActiveCfg = Debug|Any CPU
		{F896F3A0-20AD-4251-9D6F-3775D2427C35}.BelowZero|x64.Build.0 = Debug|Any CPU
		{F896F3A0-20AD-4251-9D6F-3775D2427C35}.BelowZeroLegacy|Any CPU.ActiveCfg = Debug|Any CPU
		{F896F3A0-20AD-4251-9D6F-3775D2427C35}.BelowZeroLegacy|Any CPU.Build.0 = Debug|Any CPU
		{F896F3A0-20AD-4251-9D6F-3775D2427C35}.BelowZeroLegacy|x64.ActiveCfg = Debug|Any CPU
		{F896F3A0-20AD-4251-9D6F-3775D2427C35}.BelowZeroLegacy|x64.Build.0 = Debug|Any CPU
		{F896F3A0-20AD-4251-9D6F-3775D2427C35}.Subnautica|Any CPU.ActiveCfg = Subnautica|Any CPU
		{F896F3A0-20AD-4251-9D6F-3775D2427C35}.Subnautica|Any CPU.Build.0 = Subnautica|Any CPU
		{F896F3A0-20AD-4251-9D6F-3775D2427C35}.Subnautica|x64.ActiveCfg = Debug|Any CPU
		{F896F3A0-20AD-4251-9D6F-3775D2427C35}.Subnautica|x64.Build.0 = Debug|Any CPU
		{F896F3A0-20AD-4251-9D6F-3775D2427C35}.SubnauticaLegacy|Any CPU.ActiveCfg = Debug|Any CPU
		{F896F3A0-20AD-4251-9D6F-3775D2427C35}.SubnauticaLegacy|Any CPU.Build.0 = Debug|Any CPU
		{F896F3A0-20AD-4251-9D6F-3775D2427C35}.SubnauticaLegacy|x64.ActiveCfg = Debug|Any CPU
		{F896F3A0-20AD-4251-9D6F-3775D2427C35}.SubnauticaLegacy|x64.Build.0 = Debug|Any CPU
		{C287725A-291A-4402-A710-18D79FE84203}.BelowZero|Any CPU.ActiveCfg = BelowZero|Any CPU
		{C287725A-291A-4402-A710-18D79FE84203}.BelowZero|Any CPU.Build.0 = BelowZero|Any CPU
		{C287725A-291A-4402-A710-18D79FE84203}.BelowZero|x64.ActiveCfg = Debug|Any CPU
		{C287725A-291A-4402-A710-18D79FE84203}.BelowZero|x64.Build.0 = Debug|Any CPU
		{C287725A-291A-4402-A710-18D79FE84203}.BelowZeroLegacy|Any CPU.ActiveCfg = Debug|Any CPU
		{C287725A-291A-4402-A710-18D79FE84203}.BelowZeroLegacy|Any CPU.Build.0 = Debug|Any CPU
		{C287725A-291A-4402-A710-18D79FE84203}.BelowZeroLegacy|x64.ActiveCfg = Debug|Any CPU
		{C287725A-291A-4402-A710-18D79FE84203}.BelowZeroLegacy|x64.Build.0 = Debug|Any CPU
		{C287725A-291A-4402-A710-18D79FE84203}.Subnautica|Any CPU.ActiveCfg = Subnautica|Any CPU
		{C287725A-291A-4402-A710-18D79FE84203}.Subnautica|Any CPU.Build.0 = Subnautica|Any CPU
		{C287725A-291A-4402-A710-18D79FE84203}.Subnautica|x64.ActiveCfg = Debug|Any CPU
		{C287725A-291A-4402-A710-18D79FE84203}.Subnautica|x64.Build.0 = Debug|Any CPU
		{C287725A-291A-4402-A710-18D79FE84203}.SubnauticaLegacy|Any CPU.ActiveCfg = Debug|Any CPU
		{C287725A-291A-4402-A710-18D79FE84203}.SubnauticaLegacy|Any CPU.Build.0 = Debug|Any CPU
		{C287725A-291A-4402-A710-18D79FE84203}.SubnauticaLegacy|x64.ActiveCfg = Debug|Any CPU
		{C287725A-291A-4402-A710-18D79FE84203}.SubnauticaLegacy|x64.Build.0 = Debug|Any CPU
	EndGlobalSection
	GlobalSection(SolutionProperties) = preSolution
		HideSolutionNode = FALSE
	EndGlobalSection
	GlobalSection(ExtensibilityGlobals) = postSolution
		SolutionGuid = {7690E2A6-1BDF-4D2B-80AD-1B4947E1DE49}
	EndGlobalSection
	GlobalSection(SharedMSBuildProjectFiles) = preSolution
		Common\Common.projitems*{0bbedb12-642c-47ee-a14d-3f581b0038b8}*SharedItemsImports = 4
		Common\Common.projitems*{102b0ca1-992c-4e50-92bf-cdf1f0ce8acf}*SharedItemsImports = 4
		Common\Common.projitems*{1370931b-52ae-4b77-91f1-4f53cba78119}*SharedItemsImports = 4
		Common\Common.projitems*{23cf2b33-eb9a-45ca-b84b-8968b5777b2b}*SharedItemsImports = 4
		Common\Common.projitems*{31e81fe0-853a-4f56-81b3-2cf073777594}*SharedItemsImports = 4
		Common\Common.projitems*{854262eb-f44f-4d6b-9b32-4103ae9f4253}*SharedItemsImports = 4
		Common\Common.projitems*{8a848353-2b17-4ec0-9a43-3992adb96579}*SharedItemsImports = 13
		Common\Common.projitems*{91e1edca-e684-400f-bc57-04efce159444}*SharedItemsImports = 4
		Common\Common.projitems*{971fa188-6ab9-4c4f-bdee-89e37f305276}*SharedItemsImports = 4
		Common\Common.projitems*{a89b8691-e90a-4f9a-a7e2-694665c2c365}*SharedItemsImports = 4
		Common\Common.projitems*{b43f4c23-beb5-4b02-a623-a843a010f6a4}*SharedItemsImports = 4
		Common\Common.projitems*{c287725a-291a-4402-a710-18d79fe84203}*SharedItemsImports = 4
		Common\Common.projitems*{c5e29c24-d05f-4321-a886-1eff69d01c46}*SharedItemsImports = 4
		Common\Common.projitems*{d05216e9-ccf3-4037-8c2f-36b571acb323}*SharedItemsImports = 4
		Common\Common.projitems*{d935b7dc-5d06-4976-8fa1-b9980517204f}*SharedItemsImports = 4
		Common\Common.projitems*{f6471ca2-e705-4e05-a36a-451378150b1a}*SharedItemsImports = 4
		Common\Common.projitems*{f896f3a0-20ad-4251-9d6f-3775d2427c35}*SharedItemsImports = 4
		Common\Common.projitems*{fea9e67b-acfb-4670-af73-0861eb6b9305}*SharedItemsImports = 4
	EndGlobalSection
EndGlobal
