
Microsoft Visual Studio Solution File, Format Version 12.00
# Visual Studio Version 16
VisualStudioVersion = 16.0.30413.136
MinimumVisualStudioVersion = 10.0.40219.1
Project("{FAE04EC0-301F-11D3-BF4B-00C04F79EFBC}") = "IngredientsFromScan", "IngredientsFromScan\IngredientsFromScan.csproj", "{CBF0917E-E618-4F88-AAF2-53E1331B392F}"
EndProject
Project("{FAE04EC0-301F-11D3-BF4B-00C04F79EFBC}") = "FissionCells", "FissionCells\FissionCells.csproj", "{ABAF8E94-235F-496D-A38E-D183FE6E7773}"
EndProject
Project("{FAE04EC0-301F-11D3-BF4B-00C04F79EFBC}") = "BrineSuit", "AcidProofSuit\BrineSuit.csproj", "{1BBE4F59-3F5F-4498-80CE-AC0424C75BD5}"
EndProject
Project("{FAE04EC0-301F-11D3-BF4B-00C04F79EFBC}") = "NamedVehiclePrompts", "NamedVehiclePrompts\NamedVehiclePrompts.csproj", "{55F61920-065F-449C-9EC1-AFECDE570013}"
EndProject
Project("{FAE04EC0-301F-11D3-BF4B-00C04F79EFBC}") = "FabricatorsResumeFromLast", "FabricatorsResumeFromLast\FabricatorsResumeFromLast.csproj", "{53A1421B-4C6C-4A8B-B444-446E95BCBA5F}"
EndProject
Project("{FAE04EC0-301F-11D3-BF4B-00C04F79EFBC}") = "ConsoleBatchFiles", "ConsoleBatchFiles\ConsoleBatchFiles.csproj", "{FEA9E67B-ACFB-4670-AF73-0861EB6B9305}"
EndProject
Project("{2150E333-8FDC-42A3-9474-1A3956D46DE8}") = "Solution Items", "Solution Items", "{0D82A2A1-A62C-4A71-BF2F-6F774BF5B880}"
	ProjectSection(SolutionItems) = preProject
		post-build.ps1 = post-build.ps1
	EndProjectSection
EndProject
Project("{FAE04EC0-301F-11D3-BF4B-00C04F79EFBC}") = "UpgradedBlades", "UpgradedBlades\UpgradedBlades.csproj", "{1E3A4636-DCA8-4BA2-803B-FBE4FB8A5054}"
EndProject
Project("{FAE04EC0-301F-11D3-BF4B-00C04F79EFBC}") = "CustomiseYourScannables", "CustomiseYourScannables\CustomiseYourScannables.csproj", "{95FC40B2-EE19-4532-A4A4-93F9F5466252}"
EndProject
Project("{FAE04EC0-301F-11D3-BF4B-00C04F79EFBC}") = "PartsFromScanning_BZ", "IngredientsFromScanning_BZ\PartsFromScanning_BZ.csproj", "{D05216E9-CCF3-4037-8C2F-36B571ACB323}"
EndProject
Project("{FAE04EC0-301F-11D3-BF4B-00C04F79EFBC}") = "HabitatBuilderSpeed", "HabitatBuilderSpeed\HabitatBuilderSpeed.csproj", "{8D0989F2-9427-454C-AF7A-E24E73EA9D44}"
EndProject
Project("{FAE04EC0-301F-11D3-BF4B-00C04F79EFBC}") = "CustomiseYourStorage_BZ", "CustomiseYourStorage_BZ\CustomiseYourStorage_BZ.csproj", "{854262EB-F44F-4D6B-9B32-4103AE9F4253}"
EndProject
Project("{FAE04EC0-301F-11D3-BF4B-00C04F79EFBC}") = "CustomiseOxygen", "CustomiseOxygen\CustomiseOxygen.csproj", "{B43F4C23-BEB5-4B02-A623-A843A010F6A4}"
EndProject
Project("{FAE04EC0-301F-11D3-BF4B-00C04F79EFBC}") = "RecyclotronModSupport", "RecyclotronModSupport\RecyclotronModSupport.csproj", "{971FA188-6AB9-4C4F-BDEE-89E37F305276}"
EndProject
Project("{FAE04EC0-301F-11D3-BF4B-00C04F79EFBC}") = "CombinedItems", "CombinedItems\CombinedItems.csproj", "{6EF05CA8-B139-4A7F-98E4-856A44849034}"
EndProject
Project("{D954291E-2A0B-460D-934E-DC6B0785DB48}") = "Common", "Common\Common.shproj", "{8A848353-2B17-4EC0-9A43-3992ADB96579}"
EndProject
Global
	GlobalSection(SharedMSBuildProjectFiles) = preSolution
		Common\Common.projitems*{6ef05ca8-b139-4a7f-98e4-856a44849034}*SharedItemsImports = 4
		Common\Common.projitems*{854262eb-f44f-4d6b-9b32-4103ae9f4253}*SharedItemsImports = 4
		Common\Common.projitems*{8a848353-2b17-4ec0-9a43-3992adb96579}*SharedItemsImports = 13
		Common\Common.projitems*{b43f4c23-beb5-4b02-a623-a843a010f6a4}*SharedItemsImports = 4
	EndGlobalSection
	GlobalSection(SolutionConfigurationPlatforms) = preSolution
		BZ.EXP|Any CPU = BZ.EXP|Any CPU
		BZ.EXP|x64 = BZ.EXP|x64
		BZ|Any CPU = BZ|Any CPU
		BZ|x64 = BZ|x64
		Debug|Any CPU = Debug|Any CPU
		Debug|x64 = Debug|x64
		Release|Any CPU = Release|Any CPU
		Release|x64 = Release|x64
		SN1.EXP|Any CPU = SN1.EXP|Any CPU
		SN1.EXP|x64 = SN1.EXP|x64
		SN1|Any CPU = SN1|Any CPU
		SN1|x64 = SN1|x64
	EndGlobalSection
	GlobalSection(ProjectConfigurationPlatforms) = postSolution
		{CBF0917E-E618-4F88-AAF2-53E1331B392F}.BZ.EXP|Any CPU.ActiveCfg = BZ.EXP|Any CPU
		{CBF0917E-E618-4F88-AAF2-53E1331B392F}.BZ.EXP|Any CPU.Build.0 = BZ.EXP|Any CPU
		{CBF0917E-E618-4F88-AAF2-53E1331B392F}.BZ.EXP|x64.ActiveCfg = BZ.EXP|Any CPU
		{CBF0917E-E618-4F88-AAF2-53E1331B392F}.BZ.EXP|x64.Build.0 = BZ.EXP|Any CPU
		{CBF0917E-E618-4F88-AAF2-53E1331B392F}.BZ|Any CPU.ActiveCfg = BZ|Any CPU
		{CBF0917E-E618-4F88-AAF2-53E1331B392F}.BZ|Any CPU.Build.0 = BZ|Any CPU
		{CBF0917E-E618-4F88-AAF2-53E1331B392F}.BZ|x64.ActiveCfg = SN1|Any CPU
		{CBF0917E-E618-4F88-AAF2-53E1331B392F}.BZ|x64.Build.0 = SN1|Any CPU
		{CBF0917E-E618-4F88-AAF2-53E1331B392F}.Debug|Any CPU.ActiveCfg = SN1.EXP|Any CPU
		{CBF0917E-E618-4F88-AAF2-53E1331B392F}.Debug|Any CPU.Build.0 = SN1.EXP|Any CPU
		{CBF0917E-E618-4F88-AAF2-53E1331B392F}.Debug|x64.ActiveCfg = SN1.EXP|Any CPU
		{CBF0917E-E618-4F88-AAF2-53E1331B392F}.Debug|x64.Build.0 = SN1.EXP|Any CPU
		{CBF0917E-E618-4F88-AAF2-53E1331B392F}.Release|Any CPU.ActiveCfg = SN1.EXP|Any CPU
		{CBF0917E-E618-4F88-AAF2-53E1331B392F}.Release|Any CPU.Build.0 = SN1.EXP|Any CPU
		{CBF0917E-E618-4F88-AAF2-53E1331B392F}.Release|x64.ActiveCfg = SN1.EXP|Any CPU
		{CBF0917E-E618-4F88-AAF2-53E1331B392F}.Release|x64.Build.0 = SN1.EXP|Any CPU
		{CBF0917E-E618-4F88-AAF2-53E1331B392F}.SN1.EXP|Any CPU.ActiveCfg = SN1.EXP|Any CPU
		{CBF0917E-E618-4F88-AAF2-53E1331B392F}.SN1.EXP|Any CPU.Build.0 = SN1.EXP|Any CPU
		{CBF0917E-E618-4F88-AAF2-53E1331B392F}.SN1.EXP|x64.ActiveCfg = SN1.EXP|Any CPU
		{CBF0917E-E618-4F88-AAF2-53E1331B392F}.SN1.EXP|x64.Build.0 = SN1.EXP|Any CPU
		{CBF0917E-E618-4F88-AAF2-53E1331B392F}.SN1|Any CPU.ActiveCfg = SN1|Any CPU
		{CBF0917E-E618-4F88-AAF2-53E1331B392F}.SN1|Any CPU.Build.0 = SN1|Any CPU
		{CBF0917E-E618-4F88-AAF2-53E1331B392F}.SN1|x64.ActiveCfg = SN1|Any CPU
		{CBF0917E-E618-4F88-AAF2-53E1331B392F}.SN1|x64.Build.0 = SN1|Any CPU
		{ABAF8E94-235F-496D-A38E-D183FE6E7773}.BZ.EXP|Any CPU.ActiveCfg = BZ.EXP|Any CPU
		{ABAF8E94-235F-496D-A38E-D183FE6E7773}.BZ.EXP|Any CPU.Build.0 = BZ.EXP|Any CPU
		{ABAF8E94-235F-496D-A38E-D183FE6E7773}.BZ.EXP|x64.ActiveCfg = BZ.EXP|Any CPU
		{ABAF8E94-235F-496D-A38E-D183FE6E7773}.BZ.EXP|x64.Build.0 = BZ.EXP|Any CPU
		{ABAF8E94-235F-496D-A38E-D183FE6E7773}.BZ|Any CPU.ActiveCfg = BZ|Any CPU
		{ABAF8E94-235F-496D-A38E-D183FE6E7773}.BZ|Any CPU.Build.0 = BZ|Any CPU
		{ABAF8E94-235F-496D-A38E-D183FE6E7773}.BZ|x64.ActiveCfg = SN1|Any CPU
		{ABAF8E94-235F-496D-A38E-D183FE6E7773}.BZ|x64.Build.0 = SN1|Any CPU
		{ABAF8E94-235F-496D-A38E-D183FE6E7773}.Debug|Any CPU.ActiveCfg = SN1.EXP|Any CPU
		{ABAF8E94-235F-496D-A38E-D183FE6E7773}.Debug|Any CPU.Build.0 = SN1.EXP|Any CPU
		{ABAF8E94-235F-496D-A38E-D183FE6E7773}.Debug|x64.ActiveCfg = SN1.EXP|Any CPU
		{ABAF8E94-235F-496D-A38E-D183FE6E7773}.Debug|x64.Build.0 = SN1.EXP|Any CPU
		{ABAF8E94-235F-496D-A38E-D183FE6E7773}.Release|Any CPU.ActiveCfg = SN1.EXP|Any CPU
		{ABAF8E94-235F-496D-A38E-D183FE6E7773}.Release|Any CPU.Build.0 = SN1.EXP|Any CPU
		{ABAF8E94-235F-496D-A38E-D183FE6E7773}.Release|x64.ActiveCfg = SN1.EXP|Any CPU
		{ABAF8E94-235F-496D-A38E-D183FE6E7773}.Release|x64.Build.0 = SN1.EXP|Any CPU
		{ABAF8E94-235F-496D-A38E-D183FE6E7773}.SN1.EXP|Any CPU.ActiveCfg = SN1.EXP|Any CPU
		{ABAF8E94-235F-496D-A38E-D183FE6E7773}.SN1.EXP|Any CPU.Build.0 = SN1.EXP|Any CPU
		{ABAF8E94-235F-496D-A38E-D183FE6E7773}.SN1.EXP|x64.ActiveCfg = SN1.EXP|Any CPU
		{ABAF8E94-235F-496D-A38E-D183FE6E7773}.SN1.EXP|x64.Build.0 = SN1.EXP|Any CPU
		{ABAF8E94-235F-496D-A38E-D183FE6E7773}.SN1|Any CPU.ActiveCfg = SN1|Any CPU
		{ABAF8E94-235F-496D-A38E-D183FE6E7773}.SN1|Any CPU.Build.0 = SN1|Any CPU
		{ABAF8E94-235F-496D-A38E-D183FE6E7773}.SN1|x64.ActiveCfg = SN1|Any CPU
		{ABAF8E94-235F-496D-A38E-D183FE6E7773}.SN1|x64.Build.0 = SN1|Any CPU
		{1BBE4F59-3F5F-4498-80CE-AC0424C75BD5}.BZ.EXP|Any CPU.ActiveCfg = BZ.EXP|Any CPU
		{1BBE4F59-3F5F-4498-80CE-AC0424C75BD5}.BZ.EXP|Any CPU.Build.0 = BZ.EXP|Any CPU
		{1BBE4F59-3F5F-4498-80CE-AC0424C75BD5}.BZ.EXP|x64.ActiveCfg = BZ.EXP|Any CPU
		{1BBE4F59-3F5F-4498-80CE-AC0424C75BD5}.BZ.EXP|x64.Build.0 = BZ.EXP|Any CPU
		{1BBE4F59-3F5F-4498-80CE-AC0424C75BD5}.BZ|Any CPU.ActiveCfg = BZ|Any CPU
		{1BBE4F59-3F5F-4498-80CE-AC0424C75BD5}.BZ|Any CPU.Build.0 = BZ|Any CPU
		{1BBE4F59-3F5F-4498-80CE-AC0424C75BD5}.BZ|x64.ActiveCfg = SN1|Any CPU
		{1BBE4F59-3F5F-4498-80CE-AC0424C75BD5}.BZ|x64.Build.0 = SN1|Any CPU
		{1BBE4F59-3F5F-4498-80CE-AC0424C75BD5}.Debug|Any CPU.ActiveCfg = SN1.EXP|Any CPU
		{1BBE4F59-3F5F-4498-80CE-AC0424C75BD5}.Debug|Any CPU.Build.0 = SN1.EXP|Any CPU
		{1BBE4F59-3F5F-4498-80CE-AC0424C75BD5}.Debug|x64.ActiveCfg = SN1.EXP|Any CPU
		{1BBE4F59-3F5F-4498-80CE-AC0424C75BD5}.Debug|x64.Build.0 = SN1.EXP|Any CPU
		{1BBE4F59-3F5F-4498-80CE-AC0424C75BD5}.Release|Any CPU.ActiveCfg = SN1.EXP|Any CPU
		{1BBE4F59-3F5F-4498-80CE-AC0424C75BD5}.Release|Any CPU.Build.0 = SN1.EXP|Any CPU
		{1BBE4F59-3F5F-4498-80CE-AC0424C75BD5}.Release|x64.ActiveCfg = SN1.EXP|Any CPU
		{1BBE4F59-3F5F-4498-80CE-AC0424C75BD5}.Release|x64.Build.0 = SN1.EXP|Any CPU
		{1BBE4F59-3F5F-4498-80CE-AC0424C75BD5}.SN1.EXP|Any CPU.ActiveCfg = SN1.EXP|Any CPU
		{1BBE4F59-3F5F-4498-80CE-AC0424C75BD5}.SN1.EXP|Any CPU.Build.0 = SN1.EXP|Any CPU
		{1BBE4F59-3F5F-4498-80CE-AC0424C75BD5}.SN1.EXP|x64.ActiveCfg = SN1.EXP|Any CPU
		{1BBE4F59-3F5F-4498-80CE-AC0424C75BD5}.SN1.EXP|x64.Build.0 = SN1.EXP|Any CPU
		{1BBE4F59-3F5F-4498-80CE-AC0424C75BD5}.SN1|Any CPU.ActiveCfg = SN1|Any CPU
		{1BBE4F59-3F5F-4498-80CE-AC0424C75BD5}.SN1|Any CPU.Build.0 = SN1|Any CPU
		{1BBE4F59-3F5F-4498-80CE-AC0424C75BD5}.SN1|x64.ActiveCfg = SN1|Any CPU
		{1BBE4F59-3F5F-4498-80CE-AC0424C75BD5}.SN1|x64.Build.0 = SN1|Any CPU
		{55F61920-065F-449C-9EC1-AFECDE570013}.BZ.EXP|Any CPU.ActiveCfg = BZ.EXP|Any CPU
		{55F61920-065F-449C-9EC1-AFECDE570013}.BZ.EXP|Any CPU.Build.0 = BZ.EXP|Any CPU
		{55F61920-065F-449C-9EC1-AFECDE570013}.BZ.EXP|x64.ActiveCfg = BZ.EXP|Any CPU
		{55F61920-065F-449C-9EC1-AFECDE570013}.BZ.EXP|x64.Build.0 = BZ.EXP|Any CPU
		{55F61920-065F-449C-9EC1-AFECDE570013}.BZ|Any CPU.ActiveCfg = BZ|Any CPU
		{55F61920-065F-449C-9EC1-AFECDE570013}.BZ|Any CPU.Build.0 = BZ|Any CPU
		{55F61920-065F-449C-9EC1-AFECDE570013}.BZ|x64.ActiveCfg = SN1|Any CPU
		{55F61920-065F-449C-9EC1-AFECDE570013}.BZ|x64.Build.0 = SN1|Any CPU
		{55F61920-065F-449C-9EC1-AFECDE570013}.Debug|Any CPU.ActiveCfg = SN1.EXP|Any CPU
		{55F61920-065F-449C-9EC1-AFECDE570013}.Debug|Any CPU.Build.0 = SN1.EXP|Any CPU
		{55F61920-065F-449C-9EC1-AFECDE570013}.Debug|x64.ActiveCfg = SN1.EXP|Any CPU
		{55F61920-065F-449C-9EC1-AFECDE570013}.Debug|x64.Build.0 = SN1.EXP|Any CPU
		{55F61920-065F-449C-9EC1-AFECDE570013}.Release|Any CPU.ActiveCfg = SN1.EXP|Any CPU
		{55F61920-065F-449C-9EC1-AFECDE570013}.Release|Any CPU.Build.0 = SN1.EXP|Any CPU
		{55F61920-065F-449C-9EC1-AFECDE570013}.Release|x64.ActiveCfg = SN1.EXP|Any CPU
		{55F61920-065F-449C-9EC1-AFECDE570013}.Release|x64.Build.0 = SN1.EXP|Any CPU
		{55F61920-065F-449C-9EC1-AFECDE570013}.SN1.EXP|Any CPU.ActiveCfg = SN1.EXP|Any CPU
		{55F61920-065F-449C-9EC1-AFECDE570013}.SN1.EXP|Any CPU.Build.0 = SN1.EXP|Any CPU
		{55F61920-065F-449C-9EC1-AFECDE570013}.SN1.EXP|x64.ActiveCfg = SN1.EXP|Any CPU
		{55F61920-065F-449C-9EC1-AFECDE570013}.SN1.EXP|x64.Build.0 = SN1.EXP|Any CPU
		{55F61920-065F-449C-9EC1-AFECDE570013}.SN1|Any CPU.ActiveCfg = SN1|Any CPU
		{55F61920-065F-449C-9EC1-AFECDE570013}.SN1|Any CPU.Build.0 = SN1|Any CPU
		{55F61920-065F-449C-9EC1-AFECDE570013}.SN1|x64.ActiveCfg = SN1|Any CPU
		{55F61920-065F-449C-9EC1-AFECDE570013}.SN1|x64.Build.0 = SN1|Any CPU
		{53A1421B-4C6C-4A8B-B444-446E95BCBA5F}.BZ.EXP|Any CPU.ActiveCfg = BZ.EXP|Any CPU
		{53A1421B-4C6C-4A8B-B444-446E95BCBA5F}.BZ.EXP|Any CPU.Build.0 = BZ.EXP|Any CPU
		{53A1421B-4C6C-4A8B-B444-446E95BCBA5F}.BZ.EXP|x64.ActiveCfg = BZ.EXP|Any CPU
		{53A1421B-4C6C-4A8B-B444-446E95BCBA5F}.BZ.EXP|x64.Build.0 = BZ.EXP|Any CPU
		{53A1421B-4C6C-4A8B-B444-446E95BCBA5F}.BZ|Any CPU.ActiveCfg = BZ|Any CPU
		{53A1421B-4C6C-4A8B-B444-446E95BCBA5F}.BZ|Any CPU.Build.0 = BZ|Any CPU
		{53A1421B-4C6C-4A8B-B444-446E95BCBA5F}.BZ|x64.ActiveCfg = SN1|Any CPU
		{53A1421B-4C6C-4A8B-B444-446E95BCBA5F}.BZ|x64.Build.0 = SN1|Any CPU
		{53A1421B-4C6C-4A8B-B444-446E95BCBA5F}.Debug|Any CPU.ActiveCfg = SN1.EXP|Any CPU
		{53A1421B-4C6C-4A8B-B444-446E95BCBA5F}.Debug|Any CPU.Build.0 = SN1.EXP|Any CPU
		{53A1421B-4C6C-4A8B-B444-446E95BCBA5F}.Debug|x64.ActiveCfg = SN1.EXP|Any CPU
		{53A1421B-4C6C-4A8B-B444-446E95BCBA5F}.Debug|x64.Build.0 = SN1.EXP|Any CPU
		{53A1421B-4C6C-4A8B-B444-446E95BCBA5F}.Release|Any CPU.ActiveCfg = SN1.EXP|Any CPU
		{53A1421B-4C6C-4A8B-B444-446E95BCBA5F}.Release|Any CPU.Build.0 = SN1.EXP|Any CPU
		{53A1421B-4C6C-4A8B-B444-446E95BCBA5F}.Release|x64.ActiveCfg = SN1.EXP|Any CPU
		{53A1421B-4C6C-4A8B-B444-446E95BCBA5F}.Release|x64.Build.0 = SN1.EXP|Any CPU
		{53A1421B-4C6C-4A8B-B444-446E95BCBA5F}.SN1.EXP|Any CPU.ActiveCfg = SN1.EXP|Any CPU
		{53A1421B-4C6C-4A8B-B444-446E95BCBA5F}.SN1.EXP|Any CPU.Build.0 = SN1.EXP|Any CPU
		{53A1421B-4C6C-4A8B-B444-446E95BCBA5F}.SN1.EXP|x64.ActiveCfg = SN1.EXP|Any CPU
		{53A1421B-4C6C-4A8B-B444-446E95BCBA5F}.SN1.EXP|x64.Build.0 = SN1.EXP|Any CPU
		{53A1421B-4C6C-4A8B-B444-446E95BCBA5F}.SN1|Any CPU.ActiveCfg = SN1|Any CPU
		{53A1421B-4C6C-4A8B-B444-446E95BCBA5F}.SN1|Any CPU.Build.0 = SN1|Any CPU
		{53A1421B-4C6C-4A8B-B444-446E95BCBA5F}.SN1|x64.ActiveCfg = SN1|Any CPU
		{53A1421B-4C6C-4A8B-B444-446E95BCBA5F}.SN1|x64.Build.0 = SN1|Any CPU
		{FEA9E67B-ACFB-4670-AF73-0861EB6B9305}.BZ.EXP|Any CPU.ActiveCfg = BZ.EXP|Any CPU
		{FEA9E67B-ACFB-4670-AF73-0861EB6B9305}.BZ.EXP|Any CPU.Build.0 = BZ.EXP|Any CPU
		{FEA9E67B-ACFB-4670-AF73-0861EB6B9305}.BZ.EXP|x64.ActiveCfg = BZ.EXP|Any CPU
		{FEA9E67B-ACFB-4670-AF73-0861EB6B9305}.BZ.EXP|x64.Build.0 = BZ.EXP|Any CPU
		{FEA9E67B-ACFB-4670-AF73-0861EB6B9305}.BZ|Any CPU.ActiveCfg = BZ|Any CPU
		{FEA9E67B-ACFB-4670-AF73-0861EB6B9305}.BZ|Any CPU.Build.0 = BZ|Any CPU
		{FEA9E67B-ACFB-4670-AF73-0861EB6B9305}.BZ|x64.ActiveCfg = BZ|Any CPU
		{FEA9E67B-ACFB-4670-AF73-0861EB6B9305}.BZ|x64.Build.0 = BZ|Any CPU
		{FEA9E67B-ACFB-4670-AF73-0861EB6B9305}.Debug|Any CPU.ActiveCfg = SN1|Any CPU
		{FEA9E67B-ACFB-4670-AF73-0861EB6B9305}.Debug|Any CPU.Build.0 = SN1|Any CPU
		{FEA9E67B-ACFB-4670-AF73-0861EB6B9305}.Debug|x64.ActiveCfg = SN1|Any CPU
		{FEA9E67B-ACFB-4670-AF73-0861EB6B9305}.Debug|x64.Build.0 = SN1|Any CPU
		{FEA9E67B-ACFB-4670-AF73-0861EB6B9305}.Release|Any CPU.ActiveCfg = SN1|Any CPU
		{FEA9E67B-ACFB-4670-AF73-0861EB6B9305}.Release|Any CPU.Build.0 = SN1|Any CPU
		{FEA9E67B-ACFB-4670-AF73-0861EB6B9305}.Release|x64.ActiveCfg = SN1|Any CPU
		{FEA9E67B-ACFB-4670-AF73-0861EB6B9305}.Release|x64.Build.0 = SN1|Any CPU
		{FEA9E67B-ACFB-4670-AF73-0861EB6B9305}.SN1.EXP|Any CPU.ActiveCfg = SN1.EXP|Any CPU
		{FEA9E67B-ACFB-4670-AF73-0861EB6B9305}.SN1.EXP|Any CPU.Build.0 = SN1.EXP|Any CPU
		{FEA9E67B-ACFB-4670-AF73-0861EB6B9305}.SN1.EXP|x64.ActiveCfg = SN1.EXP|Any CPU
		{FEA9E67B-ACFB-4670-AF73-0861EB6B9305}.SN1.EXP|x64.Build.0 = SN1.EXP|Any CPU
		{FEA9E67B-ACFB-4670-AF73-0861EB6B9305}.SN1|Any CPU.ActiveCfg = SN1|Any CPU
		{FEA9E67B-ACFB-4670-AF73-0861EB6B9305}.SN1|Any CPU.Build.0 = SN1|Any CPU
		{FEA9E67B-ACFB-4670-AF73-0861EB6B9305}.SN1|x64.ActiveCfg = SN1|Any CPU
		{FEA9E67B-ACFB-4670-AF73-0861EB6B9305}.SN1|x64.Build.0 = SN1|Any CPU
		{1E3A4636-DCA8-4BA2-803B-FBE4FB8A5054}.BZ.EXP|Any CPU.ActiveCfg = BZ.EXP|Any CPU
		{1E3A4636-DCA8-4BA2-803B-FBE4FB8A5054}.BZ.EXP|Any CPU.Build.0 = BZ.EXP|Any CPU
		{1E3A4636-DCA8-4BA2-803B-FBE4FB8A5054}.BZ.EXP|x64.ActiveCfg = BZ.EXP|Any CPU
		{1E3A4636-DCA8-4BA2-803B-FBE4FB8A5054}.BZ.EXP|x64.Build.0 = BZ.EXP|Any CPU
		{1E3A4636-DCA8-4BA2-803B-FBE4FB8A5054}.BZ|Any CPU.ActiveCfg = BZ|Any CPU
		{1E3A4636-DCA8-4BA2-803B-FBE4FB8A5054}.BZ|Any CPU.Build.0 = BZ|Any CPU
		{1E3A4636-DCA8-4BA2-803B-FBE4FB8A5054}.BZ|x64.ActiveCfg = SN1|Any CPU
		{1E3A4636-DCA8-4BA2-803B-FBE4FB8A5054}.BZ|x64.Build.0 = SN1|Any CPU
		{1E3A4636-DCA8-4BA2-803B-FBE4FB8A5054}.Debug|Any CPU.ActiveCfg = SN1.EXP|Any CPU
		{1E3A4636-DCA8-4BA2-803B-FBE4FB8A5054}.Debug|Any CPU.Build.0 = SN1.EXP|Any CPU
		{1E3A4636-DCA8-4BA2-803B-FBE4FB8A5054}.Debug|x64.ActiveCfg = SN1.EXP|Any CPU
		{1E3A4636-DCA8-4BA2-803B-FBE4FB8A5054}.Debug|x64.Build.0 = SN1.EXP|Any CPU
		{1E3A4636-DCA8-4BA2-803B-FBE4FB8A5054}.Release|Any CPU.ActiveCfg = SN1.EXP|Any CPU
		{1E3A4636-DCA8-4BA2-803B-FBE4FB8A5054}.Release|Any CPU.Build.0 = SN1.EXP|Any CPU
		{1E3A4636-DCA8-4BA2-803B-FBE4FB8A5054}.Release|x64.ActiveCfg = SN1.EXP|Any CPU
		{1E3A4636-DCA8-4BA2-803B-FBE4FB8A5054}.Release|x64.Build.0 = SN1.EXP|Any CPU
		{1E3A4636-DCA8-4BA2-803B-FBE4FB8A5054}.SN1.EXP|Any CPU.ActiveCfg = SN1.EXP|Any CPU
		{1E3A4636-DCA8-4BA2-803B-FBE4FB8A5054}.SN1.EXP|Any CPU.Build.0 = SN1.EXP|Any CPU
		{1E3A4636-DCA8-4BA2-803B-FBE4FB8A5054}.SN1.EXP|x64.ActiveCfg = SN1.EXP|Any CPU
		{1E3A4636-DCA8-4BA2-803B-FBE4FB8A5054}.SN1.EXP|x64.Build.0 = SN1.EXP|Any CPU
		{1E3A4636-DCA8-4BA2-803B-FBE4FB8A5054}.SN1|Any CPU.ActiveCfg = SN1|Any CPU
		{1E3A4636-DCA8-4BA2-803B-FBE4FB8A5054}.SN1|Any CPU.Build.0 = SN1|Any CPU
		{1E3A4636-DCA8-4BA2-803B-FBE4FB8A5054}.SN1|x64.ActiveCfg = SN1|Any CPU
		{1E3A4636-DCA8-4BA2-803B-FBE4FB8A5054}.SN1|x64.Build.0 = SN1|Any CPU
		{95FC40B2-EE19-4532-A4A4-93F9F5466252}.BZ.EXP|Any CPU.ActiveCfg = BZ.EXP|Any CPU
		{95FC40B2-EE19-4532-A4A4-93F9F5466252}.BZ.EXP|Any CPU.Build.0 = BZ.EXP|Any CPU
		{95FC40B2-EE19-4532-A4A4-93F9F5466252}.BZ.EXP|x64.ActiveCfg = BZ.EXP|Any CPU
		{95FC40B2-EE19-4532-A4A4-93F9F5466252}.BZ.EXP|x64.Build.0 = BZ.EXP|Any CPU
		{95FC40B2-EE19-4532-A4A4-93F9F5466252}.BZ|Any CPU.ActiveCfg = BZ|Any CPU
		{95FC40B2-EE19-4532-A4A4-93F9F5466252}.BZ|Any CPU.Build.0 = BZ|Any CPU
		{95FC40B2-EE19-4532-A4A4-93F9F5466252}.BZ|x64.ActiveCfg = SN1|Any CPU
		{95FC40B2-EE19-4532-A4A4-93F9F5466252}.BZ|x64.Build.0 = SN1|Any CPU
		{95FC40B2-EE19-4532-A4A4-93F9F5466252}.Debug|Any CPU.ActiveCfg = SN1.EXP|Any CPU
		{95FC40B2-EE19-4532-A4A4-93F9F5466252}.Debug|Any CPU.Build.0 = SN1.EXP|Any CPU
		{95FC40B2-EE19-4532-A4A4-93F9F5466252}.Debug|x64.ActiveCfg = SN1.EXP|Any CPU
		{95FC40B2-EE19-4532-A4A4-93F9F5466252}.Debug|x64.Build.0 = SN1.EXP|Any CPU
		{95FC40B2-EE19-4532-A4A4-93F9F5466252}.Release|Any CPU.ActiveCfg = SN1.EXP|Any CPU
		{95FC40B2-EE19-4532-A4A4-93F9F5466252}.Release|Any CPU.Build.0 = SN1.EXP|Any CPU
		{95FC40B2-EE19-4532-A4A4-93F9F5466252}.Release|x64.ActiveCfg = SN1.EXP|Any CPU
		{95FC40B2-EE19-4532-A4A4-93F9F5466252}.Release|x64.Build.0 = SN1.EXP|Any CPU
		{95FC40B2-EE19-4532-A4A4-93F9F5466252}.SN1.EXP|Any CPU.ActiveCfg = SN1.EXP|Any CPU
		{95FC40B2-EE19-4532-A4A4-93F9F5466252}.SN1.EXP|Any CPU.Build.0 = SN1.EXP|Any CPU
		{95FC40B2-EE19-4532-A4A4-93F9F5466252}.SN1.EXP|x64.ActiveCfg = SN1.EXP|Any CPU
		{95FC40B2-EE19-4532-A4A4-93F9F5466252}.SN1.EXP|x64.Build.0 = SN1.EXP|Any CPU
		{95FC40B2-EE19-4532-A4A4-93F9F5466252}.SN1|Any CPU.ActiveCfg = SN1|Any CPU
		{95FC40B2-EE19-4532-A4A4-93F9F5466252}.SN1|Any CPU.Build.0 = SN1|Any CPU
		{95FC40B2-EE19-4532-A4A4-93F9F5466252}.SN1|x64.ActiveCfg = SN1|Any CPU
		{95FC40B2-EE19-4532-A4A4-93F9F5466252}.SN1|x64.Build.0 = SN1|Any CPU
		{D05216E9-CCF3-4037-8C2F-36B571ACB323}.BZ.EXP|Any CPU.ActiveCfg = BZ.EXP|Any CPU
		{D05216E9-CCF3-4037-8C2F-36B571ACB323}.BZ.EXP|Any CPU.Build.0 = BZ.EXP|Any CPU
		{D05216E9-CCF3-4037-8C2F-36B571ACB323}.BZ.EXP|x64.ActiveCfg = BZ.EXP|Any CPU
		{D05216E9-CCF3-4037-8C2F-36B571ACB323}.BZ.EXP|x64.Build.0 = BZ.EXP|Any CPU
		{D05216E9-CCF3-4037-8C2F-36B571ACB323}.BZ|Any CPU.ActiveCfg = BZ|Any CPU
		{D05216E9-CCF3-4037-8C2F-36B571ACB323}.BZ|Any CPU.Build.0 = BZ|Any CPU
		{D05216E9-CCF3-4037-8C2F-36B571ACB323}.BZ|x64.ActiveCfg = BZ|Any CPU
		{D05216E9-CCF3-4037-8C2F-36B571ACB323}.BZ|x64.Build.0 = BZ|Any CPU
		{D05216E9-CCF3-4037-8C2F-36B571ACB323}.Debug|Any CPU.ActiveCfg = SN1|Any CPU
		{D05216E9-CCF3-4037-8C2F-36B571ACB323}.Debug|Any CPU.Build.0 = SN1|Any CPU
		{D05216E9-CCF3-4037-8C2F-36B571ACB323}.Debug|x64.ActiveCfg = SN1|Any CPU
		{D05216E9-CCF3-4037-8C2F-36B571ACB323}.Debug|x64.Build.0 = SN1|Any CPU
		{D05216E9-CCF3-4037-8C2F-36B571ACB323}.Release|Any CPU.ActiveCfg = SN1|Any CPU
		{D05216E9-CCF3-4037-8C2F-36B571ACB323}.Release|Any CPU.Build.0 = SN1|Any CPU
		{D05216E9-CCF3-4037-8C2F-36B571ACB323}.Release|x64.ActiveCfg = SN1|Any CPU
		{D05216E9-CCF3-4037-8C2F-36B571ACB323}.Release|x64.Build.0 = SN1|Any CPU
		{D05216E9-CCF3-4037-8C2F-36B571ACB323}.SN1.EXP|Any CPU.ActiveCfg = SN1.EXP|Any CPU
		{D05216E9-CCF3-4037-8C2F-36B571ACB323}.SN1.EXP|Any CPU.Build.0 = SN1.EXP|Any CPU
		{D05216E9-CCF3-4037-8C2F-36B571ACB323}.SN1.EXP|x64.ActiveCfg = SN1.EXP|Any CPU
		{D05216E9-CCF3-4037-8C2F-36B571ACB323}.SN1.EXP|x64.Build.0 = SN1.EXP|Any CPU
		{D05216E9-CCF3-4037-8C2F-36B571ACB323}.SN1|Any CPU.ActiveCfg = BZ|Any CPU
		{D05216E9-CCF3-4037-8C2F-36B571ACB323}.SN1|Any CPU.Build.0 = BZ|Any CPU
		{D05216E9-CCF3-4037-8C2F-36B571ACB323}.SN1|x64.ActiveCfg = SN1|Any CPU
		{D05216E9-CCF3-4037-8C2F-36B571ACB323}.SN1|x64.Build.0 = SN1|Any CPU
		{8D0989F2-9427-454C-AF7A-E24E73EA9D44}.BZ.EXP|Any CPU.ActiveCfg = BZ.EXP|Any CPU
		{8D0989F2-9427-454C-AF7A-E24E73EA9D44}.BZ.EXP|Any CPU.Build.0 = BZ.EXP|Any CPU
		{8D0989F2-9427-454C-AF7A-E24E73EA9D44}.BZ.EXP|x64.ActiveCfg = BZ.EXP|Any CPU
		{8D0989F2-9427-454C-AF7A-E24E73EA9D44}.BZ.EXP|x64.Build.0 = BZ.EXP|Any CPU
		{8D0989F2-9427-454C-AF7A-E24E73EA9D44}.BZ|Any CPU.ActiveCfg = BZ|Any CPU
		{8D0989F2-9427-454C-AF7A-E24E73EA9D44}.BZ|Any CPU.Build.0 = BZ|Any CPU
		{8D0989F2-9427-454C-AF7A-E24E73EA9D44}.BZ|x64.ActiveCfg = BZ|Any CPU
		{8D0989F2-9427-454C-AF7A-E24E73EA9D44}.BZ|x64.Build.0 = BZ|Any CPU
		{8D0989F2-9427-454C-AF7A-E24E73EA9D44}.Debug|Any CPU.ActiveCfg = SN1|Any CPU
		{8D0989F2-9427-454C-AF7A-E24E73EA9D44}.Debug|Any CPU.Build.0 = SN1|Any CPU
		{8D0989F2-9427-454C-AF7A-E24E73EA9D44}.Debug|x64.ActiveCfg = SN1|Any CPU
		{8D0989F2-9427-454C-AF7A-E24E73EA9D44}.Debug|x64.Build.0 = SN1|Any CPU
		{8D0989F2-9427-454C-AF7A-E24E73EA9D44}.Release|Any CPU.ActiveCfg = SN1|Any CPU
		{8D0989F2-9427-454C-AF7A-E24E73EA9D44}.Release|Any CPU.Build.0 = SN1|Any CPU
		{8D0989F2-9427-454C-AF7A-E24E73EA9D44}.Release|x64.ActiveCfg = SN1|Any CPU
		{8D0989F2-9427-454C-AF7A-E24E73EA9D44}.Release|x64.Build.0 = SN1|Any CPU
		{8D0989F2-9427-454C-AF7A-E24E73EA9D44}.SN1.EXP|Any CPU.ActiveCfg = SN1.EXP|Any CPU
		{8D0989F2-9427-454C-AF7A-E24E73EA9D44}.SN1.EXP|Any CPU.Build.0 = SN1.EXP|Any CPU
		{8D0989F2-9427-454C-AF7A-E24E73EA9D44}.SN1.EXP|x64.ActiveCfg = SN1.EXP|Any CPU
		{8D0989F2-9427-454C-AF7A-E24E73EA9D44}.SN1.EXP|x64.Build.0 = SN1.EXP|Any CPU
		{8D0989F2-9427-454C-AF7A-E24E73EA9D44}.SN1|Any CPU.ActiveCfg = BZ|Any CPU
		{8D0989F2-9427-454C-AF7A-E24E73EA9D44}.SN1|x64.ActiveCfg = BZ|Any CPU
		{8D0989F2-9427-454C-AF7A-E24E73EA9D44}.SN1|x64.Build.0 = BZ|Any CPU
		{854262EB-F44F-4D6B-9B32-4103AE9F4253}.BZ.EXP|Any CPU.ActiveCfg = BZ.EXP|Any CPU
		{854262EB-F44F-4D6B-9B32-4103AE9F4253}.BZ.EXP|Any CPU.Build.0 = BZ.EXP|Any CPU
		{854262EB-F44F-4D6B-9B32-4103AE9F4253}.BZ.EXP|x64.ActiveCfg = BZ.EXP|Any CPU
		{854262EB-F44F-4D6B-9B32-4103AE9F4253}.BZ.EXP|x64.Build.0 = BZ.EXP|Any CPU
		{854262EB-F44F-4D6B-9B32-4103AE9F4253}.BZ|Any CPU.ActiveCfg = BZ|Any CPU
		{854262EB-F44F-4D6B-9B32-4103AE9F4253}.BZ|Any CPU.Build.0 = BZ|Any CPU
		{854262EB-F44F-4D6B-9B32-4103AE9F4253}.BZ|x64.ActiveCfg = BZ|Any CPU
		{854262EB-F44F-4D6B-9B32-4103AE9F4253}.BZ|x64.Build.0 = BZ|Any CPU
		{854262EB-F44F-4D6B-9B32-4103AE9F4253}.Debug|Any CPU.ActiveCfg = BZ|Any CPU
		{854262EB-F44F-4D6B-9B32-4103AE9F4253}.Debug|Any CPU.Build.0 = BZ|Any CPU
		{854262EB-F44F-4D6B-9B32-4103AE9F4253}.Debug|x64.ActiveCfg = BZ|Any CPU
		{854262EB-F44F-4D6B-9B32-4103AE9F4253}.Debug|x64.Build.0 = BZ|Any CPU
		{854262EB-F44F-4D6B-9B32-4103AE9F4253}.Release|Any CPU.ActiveCfg = BZ|Any CPU
		{854262EB-F44F-4D6B-9B32-4103AE9F4253}.Release|Any CPU.Build.0 = BZ|Any CPU
		{854262EB-F44F-4D6B-9B32-4103AE9F4253}.Release|x64.ActiveCfg = BZ|Any CPU
		{854262EB-F44F-4D6B-9B32-4103AE9F4253}.Release|x64.Build.0 = BZ|Any CPU
		{854262EB-F44F-4D6B-9B32-4103AE9F4253}.SN1.EXP|Any CPU.ActiveCfg = BZ.EXP|Any CPU
		{854262EB-F44F-4D6B-9B32-4103AE9F4253}.SN1.EXP|Any CPU.Build.0 = BZ.EXP|Any CPU
		{854262EB-F44F-4D6B-9B32-4103AE9F4253}.SN1.EXP|x64.ActiveCfg = BZ.EXP|Any CPU
		{854262EB-F44F-4D6B-9B32-4103AE9F4253}.SN1.EXP|x64.Build.0 = BZ.EXP|Any CPU
		{854262EB-F44F-4D6B-9B32-4103AE9F4253}.SN1|Any CPU.ActiveCfg = BZ|Any CPU
		{854262EB-F44F-4D6B-9B32-4103AE9F4253}.SN1|Any CPU.Build.0 = BZ|Any CPU
		{854262EB-F44F-4D6B-9B32-4103AE9F4253}.SN1|x64.ActiveCfg = BZ|Any CPU
		{854262EB-F44F-4D6B-9B32-4103AE9F4253}.SN1|x64.Build.0 = BZ|Any CPU
		{B43F4C23-BEB5-4B02-A623-A843A010F6A4}.BZ.EXP|Any CPU.ActiveCfg = BZ.EXP|Any CPU
		{B43F4C23-BEB5-4B02-A623-A843A010F6A4}.BZ.EXP|Any CPU.Build.0 = BZ.EXP|Any CPU
		{B43F4C23-BEB5-4B02-A623-A843A010F6A4}.BZ.EXP|x64.ActiveCfg = BZ.EXP|Any CPU
		{B43F4C23-BEB5-4B02-A623-A843A010F6A4}.BZ.EXP|x64.Build.0 = BZ.EXP|Any CPU
		{B43F4C23-BEB5-4B02-A623-A843A010F6A4}.BZ|Any CPU.ActiveCfg = BZ|Any CPU
		{B43F4C23-BEB5-4B02-A623-A843A010F6A4}.BZ|Any CPU.Build.0 = BZ|Any CPU
		{B43F4C23-BEB5-4B02-A623-A843A010F6A4}.BZ|x64.ActiveCfg = BZ|Any CPU
		{B43F4C23-BEB5-4B02-A623-A843A010F6A4}.BZ|x64.Build.0 = BZ|Any CPU
		{B43F4C23-BEB5-4B02-A623-A843A010F6A4}.Debug|Any CPU.ActiveCfg = Release|Any CPU
		{B43F4C23-BEB5-4B02-A623-A843A010F6A4}.Debug|Any CPU.Build.0 = Release|Any CPU
		{B43F4C23-BEB5-4B02-A623-A843A010F6A4}.Debug|x64.ActiveCfg = Release|Any CPU
		{B43F4C23-BEB5-4B02-A623-A843A010F6A4}.Debug|x64.Build.0 = Release|Any CPU
		{B43F4C23-BEB5-4B02-A623-A843A010F6A4}.Release|Any CPU.ActiveCfg = Release|Any CPU
		{B43F4C23-BEB5-4B02-A623-A843A010F6A4}.Release|Any CPU.Build.0 = Release|Any CPU
		{B43F4C23-BEB5-4B02-A623-A843A010F6A4}.Release|x64.ActiveCfg = Release|Any CPU
		{B43F4C23-BEB5-4B02-A623-A843A010F6A4}.Release|x64.Build.0 = Release|Any CPU
		{B43F4C23-BEB5-4B02-A623-A843A010F6A4}.SN1.EXP|Any CPU.ActiveCfg = BZ.EXP|Any CPU
		{B43F4C23-BEB5-4B02-A623-A843A010F6A4}.SN1.EXP|Any CPU.Build.0 = BZ.EXP|Any CPU
		{B43F4C23-BEB5-4B02-A623-A843A010F6A4}.SN1.EXP|x64.ActiveCfg = BZ.EXP|Any CPU
		{B43F4C23-BEB5-4B02-A623-A843A010F6A4}.SN1.EXP|x64.Build.0 = BZ.EXP|Any CPU
		{B43F4C23-BEB5-4B02-A623-A843A010F6A4}.SN1|Any CPU.ActiveCfg = Release|Any CPU
		{B43F4C23-BEB5-4B02-A623-A843A010F6A4}.SN1|Any CPU.Build.0 = Release|Any CPU
		{B43F4C23-BEB5-4B02-A623-A843A010F6A4}.SN1|x64.ActiveCfg = BZ|Any CPU
		{B43F4C23-BEB5-4B02-A623-A843A010F6A4}.SN1|x64.Build.0 = BZ|Any CPU
		{971FA188-6AB9-4C4F-BDEE-89E37F305276}.BZ.EXP|Any CPU.ActiveCfg = BZ.EXP|Any CPU
		{971FA188-6AB9-4C4F-BDEE-89E37F305276}.BZ.EXP|Any CPU.Build.0 = BZ.EXP|Any CPU
		{971FA188-6AB9-4C4F-BDEE-89E37F305276}.BZ.EXP|x64.ActiveCfg = BZ.EXP|Any CPU
		{971FA188-6AB9-4C4F-BDEE-89E37F305276}.BZ.EXP|x64.Build.0 = BZ.EXP|Any CPU
		{971FA188-6AB9-4C4F-BDEE-89E37F305276}.BZ|Any CPU.ActiveCfg = BZ|Any CPU
		{971FA188-6AB9-4C4F-BDEE-89E37F305276}.BZ|Any CPU.Build.0 = BZ|Any CPU
		{971FA188-6AB9-4C4F-BDEE-89E37F305276}.BZ|x64.ActiveCfg = BZ|Any CPU
		{971FA188-6AB9-4C4F-BDEE-89E37F305276}.BZ|x64.Build.0 = BZ|Any CPU
		{971FA188-6AB9-4C4F-BDEE-89E37F305276}.Debug|Any CPU.ActiveCfg = SN1|Any CPU
		{971FA188-6AB9-4C4F-BDEE-89E37F305276}.Debug|Any CPU.Build.0 = SN1|Any CPU
		{971FA188-6AB9-4C4F-BDEE-89E37F305276}.Debug|x64.ActiveCfg = SN1|Any CPU
		{971FA188-6AB9-4C4F-BDEE-89E37F305276}.Debug|x64.Build.0 = SN1|Any CPU
		{971FA188-6AB9-4C4F-BDEE-89E37F305276}.Release|Any CPU.ActiveCfg = SN1|Any CPU
		{971FA188-6AB9-4C4F-BDEE-89E37F305276}.Release|Any CPU.Build.0 = SN1|Any CPU
		{971FA188-6AB9-4C4F-BDEE-89E37F305276}.Release|x64.ActiveCfg = SN1|Any CPU
		{971FA188-6AB9-4C4F-BDEE-89E37F305276}.Release|x64.Build.0 = SN1|Any CPU
		{971FA188-6AB9-4C4F-BDEE-89E37F305276}.SN1.EXP|Any CPU.ActiveCfg = SN1.EXP|Any CPU
		{971FA188-6AB9-4C4F-BDEE-89E37F305276}.SN1.EXP|Any CPU.Build.0 = SN1.EXP|Any CPU
		{971FA188-6AB9-4C4F-BDEE-89E37F305276}.SN1.EXP|x64.ActiveCfg = SN1.EXP|Any CPU
		{971FA188-6AB9-4C4F-BDEE-89E37F305276}.SN1.EXP|x64.Build.0 = SN1.EXP|Any CPU
		{971FA188-6AB9-4C4F-BDEE-89E37F305276}.SN1|Any CPU.ActiveCfg = SN1|Any CPU
		{971FA188-6AB9-4C4F-BDEE-89E37F305276}.SN1|Any CPU.Build.0 = SN1|Any CPU
		{971FA188-6AB9-4C4F-BDEE-89E37F305276}.SN1|x64.ActiveCfg = SN1|Any CPU
		{971FA188-6AB9-4C4F-BDEE-89E37F305276}.SN1|x64.Build.0 = SN1|Any CPU
		{6EF05CA8-B139-4A7F-98E4-856A44849034}.BZ.EXP|Any CPU.ActiveCfg = Release|Any CPU
		{6EF05CA8-B139-4A7F-98E4-856A44849034}.BZ.EXP|Any CPU.Build.0 = Release|Any CPU
		{6EF05CA8-B139-4A7F-98E4-856A44849034}.BZ.EXP|x64.ActiveCfg = Release|Any CPU
		{6EF05CA8-B139-4A7F-98E4-856A44849034}.BZ.EXP|x64.Build.0 = Release|Any CPU
		{6EF05CA8-B139-4A7F-98E4-856A44849034}.BZ|Any CPU.ActiveCfg = Release|Any CPU
		{6EF05CA8-B139-4A7F-98E4-856A44849034}.BZ|Any CPU.Build.0 = Release|Any CPU
		{6EF05CA8-B139-4A7F-98E4-856A44849034}.BZ|x64.ActiveCfg = BZ|Any CPU
		{6EF05CA8-B139-4A7F-98E4-856A44849034}.BZ|x64.Build.0 = BZ|Any CPU
		{6EF05CA8-B139-4A7F-98E4-856A44849034}.Debug|Any CPU.ActiveCfg = Debug|Any CPU
		{6EF05CA8-B139-4A7F-98E4-856A44849034}.Debug|Any CPU.Build.0 = Debug|Any CPU
		{6EF05CA8-B139-4A7F-98E4-856A44849034}.Debug|x64.ActiveCfg = Debug|Any CPU
		{6EF05CA8-B139-4A7F-98E4-856A44849034}.Debug|x64.Build.0 = Debug|Any CPU
		{6EF05CA8-B139-4A7F-98E4-856A44849034}.Release|Any CPU.ActiveCfg = Release|Any CPU
		{6EF05CA8-B139-4A7F-98E4-856A44849034}.Release|Any CPU.Build.0 = Release|Any CPU
		{6EF05CA8-B139-4A7F-98E4-856A44849034}.Release|x64.ActiveCfg = Release|Any CPU
		{6EF05CA8-B139-4A7F-98E4-856A44849034}.Release|x64.Build.0 = Release|Any CPU
		{6EF05CA8-B139-4A7F-98E4-856A44849034}.SN1.EXP|Any CPU.ActiveCfg = Release|Any CPU
		{6EF05CA8-B139-4A7F-98E4-856A44849034}.SN1.EXP|Any CPU.Build.0 = Release|Any CPU
		{6EF05CA8-B139-4A7F-98E4-856A44849034}.SN1.EXP|x64.ActiveCfg = Release|Any CPU
		{6EF05CA8-B139-4A7F-98E4-856A44849034}.SN1.EXP|x64.Build.0 = Release|Any CPU
		{6EF05CA8-B139-4A7F-98E4-856A44849034}.SN1|Any CPU.ActiveCfg = Release|Any CPU
		{6EF05CA8-B139-4A7F-98E4-856A44849034}.SN1|Any CPU.Build.0 = Release|Any CPU
		{6EF05CA8-B139-4A7F-98E4-856A44849034}.SN1|x64.ActiveCfg = BZ|Any CPU
		{6EF05CA8-B139-4A7F-98E4-856A44849034}.SN1|x64.Build.0 = BZ|Any CPU
	EndGlobalSection
	GlobalSection(SolutionProperties) = preSolution
		HideSolutionNode = FALSE
	EndGlobalSection
	GlobalSection(ExtensibilityGlobals) = postSolution
		SolutionGuid = {7690E2A6-1BDF-4D2B-80AD-1B4947E1DE49}
	EndGlobalSection
EndGlobal
